// !$*UTF8*$!
{
	archiveVersion = 1;
	classes = {
	};
	objectVersion = 39;
	objects = {
		089C165FFE840EACC02AAC07 = {
			children = (
				089C1660FE840EACC02AAC07,
			);
			isa = PBXVariantGroup;
			name = InfoPlist.strings;
			refType = 4;
			sourceTree = "<group>";
		};
		089C1660FE840EACC02AAC07 = {
			fileEncoding = 10;
			isa = PBXFileReference;
			lastKnownFileType = text.plist.strings;
			name = English;
			path = English.lproj/InfoPlist.strings;
			refType = 4;
			sourceTree = "<group>";
		};
//080
//081
//082
//083
//084
//100
//101
//102
//103
//104
		1058C7A6FEA54F5311CA2CBB = {
			children = (
				1058C7A7FEA54F5311CA2CBB,
			);
			isa = PBXGroup;
			name = "Linked Frameworks";
			refType = 4;
			sourceTree = "<group>";
		};
		1058C7A7FEA54F5311CA2CBB = {
			fallbackIsa = PBXFileReference;
			isa = PBXFrameworkReference;
			lastKnownFileType = wrapper.framework;
			name = Cocoa.framework;
			path = /System/Library/Frameworks/Cocoa.framework;
			refType = 0;
			sourceTree = "<absolute>";
		};
		1058C7A8FEA54F5311CA2CBB = {
			children = (
				2A37F4C5FDCFA73011CA2CEA,
				2A37F4C4FDCFA73011CA2CEA,
			);
			isa = PBXGroup;
			name = "Other Frameworks";
			refType = 4;
			sourceTree = "<group>";
		};
//100
//101
//102
//103
//104
//190
//191
//192
//193
//194
		19C28FB0FE9D524F11CA2CBB = {
			children = (
				6EF8EC09055A1730008BBE46,
			);
			isa = PBXGroup;
			name = Products;
			refType = 4;
			sourceTree = "<group>";
		};
//190
//191
//192
//193
//194
//2A0
//2A1
//2A2
//2A3
//2A4
		2A37F4A9FDCFA73011CA2CEA = {
			buildSettings = {
				MACOSX_DEPLOYMENT_TARGET = 10.2;
				SDKROOT = /Developer/SDKs/MacOSX10.2.7.sdk;
			};
			buildStyles = (
				4A9504D0FFE6A4CB11CA0CBA,
				4A9504D1FFE6A4CB11CA0CBA,
			);
			hasScannedForEncodings = 1;
			isa = PBXProject;
			mainGroup = 2A37F4AAFDCFA73011CA2CEA;
			projectDirPath = "";
			targets = (
				6EF8EBD9055A1730008BBE46,
			);
		};
		2A37F4AAFDCFA73011CA2CEA = {
			children = (
				6E0D40B3052243B800A80003,
				2A37F4ABFDCFA73011CA2CEA,
				6EAF23070527D7DB00A80003,
				6E0D40BF05224F4B00A80003,
				6ED3E46705192F0C00A80003,
				2A37F4AFFDCFA73011CA2CEA,
				2A37F4B8FDCFA73011CA2CEA,
				2A37F4C3FDCFA73011CA2CEA,
				6ECC8E600579A3DC00AA179F,
				19C28FB0FE9D524F11CA2CBB,
				6EF8EC08055A1730008BBE46,
			);
			isa = PBXGroup;
			name = "The Cheat";
			path = "";
			refType = 4;
			sourceTree = "<group>";
		};
		2A37F4ABFDCFA73011CA2CEA = {
			children = (
				6E0D40B80522449500A80003,
				6E0D40B90522449500A80003,
				6E4E098F050BB21400A80003,
				6E4E098E050BB21400A80003,
				6E146B11051FA42C00A80003,
				6E146B12051FA42C00A80003,
			);
			isa = PBXGroup;
			name = "Network Classes";
			path = "";
			refType = 4;
			sourceTree = "<group>";
		};
		2A37F4ACFDCFA73011CA2CEA = {
			fileEncoding = 30;
			isa = PBXFileReference;
			lastKnownFileType = sourcecode.c.objc;
			path = MyDocument.m;
			refType = 4;
			sourceTree = "<group>";
		};
		2A37F4AEFDCFA73011CA2CEA = {
			fileEncoding = 30;
			isa = PBXFileReference;
			lastKnownFileType = sourcecode.c.h;
			path = MyDocument.h;
			refType = 4;
			sourceTree = "<group>";
		};
		2A37F4AFFDCFA73011CA2CEA = {
			children = (
				6ECC8EE60579AE4A00AA179F,
				32DBCF750370BD2300C91783,
				2A37F4B0FDCFA73011CA2CEA,
				6E51A986057330B900506538,
				6E51A987057330B900506538,
				6E3F0D01050D4ACC00A80003,
				6E3F0D02050D4ACC00A80003,
				6E71F41B051BCCC600A80003,
				6E71F41C051BCCC600A80003,
				6E0BDF7D0511568D00A80003,
			);
			isa = PBXGroup;
			name = "Other Sources";
			path = "";
			refType = 4;
			sourceTree = "<group>";
		};
		2A37F4B0FDCFA73011CA2CEA = {
			fileEncoding = 30;
			isa = PBXFileReference;
			lastKnownFileType = sourcecode.c.objc;
			path = main.m;
			refType = 4;
			sourceTree = "<group>";
		};
		2A37F4B4FDCFA73011CA2CEA = {
			children = (
				2A37F4B5FDCFA73011CA2CEA,
			);
			isa = PBXVariantGroup;
			name = MyDocument.nib;
			path = "";
			refType = 4;
			sourceTree = "<group>";
		};
		2A37F4B5FDCFA73011CA2CEA = {
			isa = PBXFileReference;
			lastKnownFileType = wrapper.nib;
			name = English;
			path = English.lproj/MyDocument.nib;
			refType = 4;
			sourceTree = "<group>";
		};
		2A37F4B6FDCFA73011CA2CEA = {
			children = (
				2A37F4B7FDCFA73011CA2CEA,
			);
			isa = PBXVariantGroup;
			name = MainMenu.nib;
			path = "";
			refType = 4;
			sourceTree = "<group>";
		};
		2A37F4B7FDCFA73011CA2CEA = {
			isa = PBXFileReference;
			lastKnownFileType = wrapper.nib;
			name = English;
			path = English.lproj/MainMenu.nib;
			refType = 4;
			sourceTree = "<group>";
		};
		2A37F4B8FDCFA73011CA2CEA = {
			children = (
				6E1E43700588275100526509,
				2A37F4B6FDCFA73011CA2CEA,
				6E51A97605732B9000506538,
				6E0D40BC052245E700A80003,
				6E0D40B005223D4E00A80003,
				2A37F4B4FDCFA73011CA2CEA,
				089C165FFE840EACC02AAC07,
				6E3309E10575BA9D0093550E,
			);
			isa = PBXGroup;
			name = Resources;
			path = "";
			refType = 4;
			sourceTree = "<group>";
		};
		2A37F4C3FDCFA73011CA2CEA = {
			children = (
				1058C7A6FEA54F5311CA2CBB,
				1058C7A8FEA54F5311CA2CBB,
			);
			isa = PBXGroup;
			name = Frameworks;
			path = "";
			refType = 4;
			sourceTree = "<group>";
		};
		2A37F4C4FDCFA73011CA2CEA = {
			fallbackIsa = PBXFileReference;
			isa = PBXFrameworkReference;
			lastKnownFileType = wrapper.framework;
			name = AppKit.framework;
			path = /System/Library/Frameworks/AppKit.framework;
			refType = 0;
			sourceTree = "<absolute>";
		};
		2A37F4C5FDCFA73011CA2CEA = {
			fallbackIsa = PBXFileReference;
			isa = PBXFrameworkReference;
			lastKnownFileType = wrapper.framework;
			name = Foundation.framework;
			path = /System/Library/Frameworks/Foundation.framework;
			refType = 0;
			sourceTree = "<absolute>";
		};
//2A0
//2A1
//2A2
//2A3
//2A4
//320
//321
//322
//323
//324
		32DBCF750370BD2300C91783 = {
			fileEncoding = 4;
			isa = PBXFileReference;
			lastKnownFileType = sourcecode.c.h;
			path = The_Cheat_Prefix.pch;
			refType = 4;
			sourceTree = "<group>";
		};
//320
//321
//322
//323
//324
//4A0
//4A1
//4A2
//4A3
//4A4
		4A9504D0FFE6A4CB11CA0CBA = {
			buildRules = (
			);
			buildSettings = {
				COPY_PHASE_STRIP = NO;
				GCC_DYNAMIC_NO_PIC = NO;
				GCC_ENABLE_FIX_AND_CONTINUE = YES;
				GCC_GENERATE_DEBUGGING_SYMBOLS = YES;
				GCC_OPTIMIZATION_LEVEL = 0;
				GCC_PRECOMPILE_PREFIX_HEADER = YES;
				OPTIMIZATION_CFLAGS = "-O0";
				ZERO_LINK = YES;
			};
			isa = PBXBuildStyle;
			name = Development;
		};
		4A9504D1FFE6A4CB11CA0CBA = {
			buildRules = (
			);
			buildSettings = {
				COPY_PHASE_STRIP = YES;
				GCC_ENABLE_FIX_AND_CONTINUE = NO;
				ZERO_LINK = NO;
			};
			isa = PBXBuildStyle;
			name = Deployment;
		};
//4A0
//4A1
//4A2
//4A3
//4A4
//6E0
//6E1
//6E2
//6E3
//6E4
		6E0BDF7D0511568D00A80003 = {
			fileEncoding = 4;
			isa = PBXFileReference;
			lastKnownFileType = sourcecode.c.h;
			path = cheat_types.h;
			refType = 4;
			sourceTree = "<group>";
		};
		6E0D40AC05223CCE00A80003 = {
			fileEncoding = 4;
			isa = PBXFileReference;
			lastKnownFileType = sourcecode.c.h;
			path = NetTrafficController.h;
			refType = 4;
			sourceTree = "<group>";
		};
		6E0D40AD05223CCE00A80003 = {
			fileEncoding = 4;
			isa = PBXFileReference;
			lastKnownFileType = sourcecode.c.objc;
			path = NetTrafficController.m;
			refType = 4;
			sourceTree = "<group>";
		};
		6E0D40B005223D4E00A80003 = {
			children = (
				6E0D40B105223D4E00A80003,
			);
			isa = PBXVariantGroup;
			name = NetTraffic.nib;
			path = "";
			refType = 4;
			sourceTree = "<group>";
		};
		6E0D40B105223D4E00A80003 = {
			isa = PBXFileReference;
			lastKnownFileType = wrapper.nib;
			name = English;
			path = English.lproj/NetTraffic.nib;
			refType = 4;
			sourceTree = "<group>";
		};
		6E0D40B3052243B800A80003 = {
			children = (
				6E4E098C050BB21400A80003,
				6E4E098D050BB21400A80003,
				6E51A97C0573304C00506538,
				6E51A97D0573304C00506538,
				6E0D40B4052243D500A80003,
				6E0D40B5052243D500A80003,
				6E0D40AC05223CCE00A80003,
				6E0D40AD05223CCE00A80003,
				2A37F4AEFDCFA73011CA2CEA,
				2A37F4ACFDCFA73011CA2CEA,
			);
			isa = PBXGroup;
			name = Controllers;
			refType = 4;
			sourceTree = "<group>";
		};
		6E0D40B4052243D500A80003 = {
			fileEncoding = 4;
			isa = PBXFileReference;
			lastKnownFileType = sourcecode.c.h;
			path = PreferenceController.h;
			refType = 4;
			sourceTree = "<group>";
		};
		6E0D40B5052243D500A80003 = {
			fileEncoding = 4;
			isa = PBXFileReference;
			lastKnownFileType = sourcecode.c.objc;
			path = PreferenceController.m;
			refType = 4;
			sourceTree = "<group>";
		};
		6E0D40B80522449500A80003 = {
			fileEncoding = 4;
			isa = PBXFileReference;
			lastKnownFileType = sourcecode.c.h;
			path = CheatListener.h;
			refType = 4;
			sourceTree = "<group>";
		};
		6E0D40B90522449500A80003 = {
			fileEncoding = 4;
			isa = PBXFileReference;
			lastKnownFileType = sourcecode.c.objc;
			path = CheatListener.m;
			refType = 4;
			sourceTree = "<group>";
		};
		6E0D40BC052245E700A80003 = {
			children = (
				6E0D40BD052245E700A80003,
			);
			isa = PBXVariantGroup;
			name = Preferences.nib;
			path = "";
			refType = 4;
			sourceTree = "<group>";
		};
		6E0D40BD052245E700A80003 = {
			isa = PBXFileReference;
			lastKnownFileType = wrapper.nib;
			name = English;
			path = English.lproj/Preferences.nib;
			refType = 4;
			sourceTree = "<group>";
		};
		6E0D40BF05224F4B00A80003 = {
			children = (
				6E0D40C405225DA100A80003,
				6E0D40C005224FD000A80003,
				6E0D40CA0522815100A80003,
				6EBCEEE60523E23700A80003,
				6E0D40CE0522820D00A80003,
			);
			isa = PBXGroup;
			name = Protocols;
			refType = 4;
			sourceTree = "<group>";
		};
		6E0D40C005224FD000A80003 = {
			fileEncoding = 4;
			isa = PBXFileReference;
			lastKnownFileType = sourcecode.c.h;
			path = NetTrafficControlling.h;
			refType = 4;
			sourceTree = "<group>";
		};
		6E0D40C405225DA100A80003 = {
			fileEncoding = 4;
			isa = PBXFileReference;
			lastKnownFileType = sourcecode.c.h;
			path = PreferenceControlling.h;
			refType = 4;
			sourceTree = "<group>";
		};
		6E0D40CA0522815100A80003 = {
			fileEncoding = 4;
			isa = PBXFileReference;
			lastKnownFileType = sourcecode.c.h;
			path = ListenerDelegate.h;
			refType = 4;
			sourceTree = "<group>";
		};
		6E0D40CE0522820D00A80003 = {
			fileEncoding = 4;
			isa = PBXFileReference;
			lastKnownFileType = sourcecode.c.h;
			path = ClientDelegate.h;
			refType = 4;
			sourceTree = "<group>";
		};
		6E146B11051FA42C00A80003 = {
			fileEncoding = 4;
			isa = PBXFileReference;
			lastKnownFileType = sourcecode.c.h;
			path = CheatClient.h;
			refType = 4;
			sourceTree = "<group>";
		};
		6E146B12051FA42C00A80003 = {
			fileEncoding = 4;
			isa = PBXFileReference;
			lastKnownFileType = sourcecode.c.objc;
			path = CheatClient.m;
			refType = 4;
			sourceTree = "<group>";
		};
		6E1E43700588275100526509 = {
			isa = PBXFileReference;
			lastKnownFileType = image.icns;
			path = icon.icns;
			refType = 4;
			sourceTree = "<group>";
		};
		6E1E43710588275100526509 = {
			fileRef = 6E1E43700588275100526509;
			isa = PBXBuildFile;
			settings = {
			};
		};
		6E3309E10575BA9D0093550E = {
			isa = PBXFileReference;
			lastKnownFileType = image.pdf;
			path = "Read Me.pdf";
			refType = 4;
			sourceTree = "<group>";
		};
		6E3309E30575BA9D0093550E = {
			fileRef = 6E3309E10575BA9D0093550E;
			isa = PBXBuildFile;
			settings = {
			};
		};
		6E3F0D01050D4ACC00A80003 = {
			fileEncoding = 4;
			isa = PBXFileReference;
			lastKnownFileType = sourcecode.c.h;
			path = cheat_net.h;
			refType = 4;
			sourceTree = "<group>";
		};
		6E3F0D02050D4ACC00A80003 = {
			fileEncoding = 4;
			isa = PBXFileReference;
			lastKnownFileType = sourcecode.c.objc;
			path = cheat_net.m;
			refType = 4;
			sourceTree = "<group>";
		};
		6E4E098C050BB21400A80003 = {
			fileEncoding = 30;
			isa = PBXFileReference;
			lastKnownFileType = sourcecode.c.h;
			path = AppController.h;
			refType = 4;
			sourceTree = "<group>";
		};
		6E4E098D050BB21400A80003 = {
			fileEncoding = 30;
			isa = PBXFileReference;
			lastKnownFileType = sourcecode.c.objc;
			path = AppController.m;
			refType = 4;
			sourceTree = "<group>";
		};
		6E4E098E050BB21400A80003 = {
			fileEncoding = 30;
			isa = PBXFileReference;
			lastKnownFileType = sourcecode.c.objc;
			path = CheatServer.m;
			refType = 4;
			sourceTree = "<group>";
		};
		6E4E098F050BB21400A80003 = {
			fileEncoding = 30;
			isa = PBXFileReference;
			lastKnownFileType = sourcecode.c.h;
			path = CheatServer.h;
			refType = 4;
			sourceTree = "<group>";
		};
		6E51A97605732B9000506538 = {
			children = (
				6E51A97705732B9000506538,
			);
			isa = PBXVariantGroup;
			name = AboutBox.nib;
			path = "";
			refType = 4;
			sourceTree = "<group>";
		};
		6E51A97705732B9000506538 = {
			isa = PBXFileReference;
			lastKnownFileType = wrapper.nib;
			name = English;
			path = English.lproj/AboutBox.nib;
			refType = 4;
			sourceTree = "<group>";
		};
		6E51A97905732B9000506538 = {
			fileRef = 6E51A97605732B9000506538;
			isa = PBXBuildFile;
			settings = {
			};
		};
		6E51A97C0573304C00506538 = {
			fileEncoding = 4;
			isa = PBXFileReference;
			lastKnownFileType = sourcecode.c.h;
			path = AboutBoxController.h;
			refType = 4;
			sourceTree = "<group>";
		};
		6E51A97D0573304C00506538 = {
			fileEncoding = 4;
			isa = PBXFileReference;
			lastKnownFileType = sourcecode.c.objc;
			path = AboutBoxController.m;
			refType = 4;
			sourceTree = "<group>";
		};
		6E51A9800573304C00506538 = {
			fileRef = 6E51A97C0573304C00506538;
			isa = PBXBuildFile;
			settings = {
			};
		};
		6E51A9810573304C00506538 = {
			fileRef = 6E51A97D0573304C00506538;
			isa = PBXBuildFile;
			settings = {
			};
		};
		6E51A986057330B900506538 = {
			fileEncoding = 4;
			isa = PBXFileReference;
			lastKnownFileType = sourcecode.c.h;
			path = cheat_shared.h;
			refType = 4;
			sourceTree = "<group>";
		};
		6E51A987057330B900506538 = {
			fileEncoding = 4;
			isa = PBXFileReference;
			lastKnownFileType = sourcecode.c.objc;
			path = cheat_shared.m;
			refType = 4;
			sourceTree = "<group>";
		};
		6E51A98A057330B900506538 = {
			fileRef = 6E51A986057330B900506538;
			isa = PBXBuildFile;
			settings = {
			};
		};
		6E51A98B057330B900506538 = {
			fileRef = 6E51A987057330B900506538;
			isa = PBXBuildFile;
			settings = {
			};
		};
		6E71F41B051BCCC600A80003 = {
			fileEncoding = 4;
			isa = PBXFileReference;
			lastKnownFileType = sourcecode.c.h;
			path = cheat_globals.h;
			refType = 4;
			sourceTree = "<group>";
		};
		6E71F41C051BCCC600A80003 = {
			fileEncoding = 4;
			isa = PBXFileReference;
			lastKnownFileType = sourcecode.c.objc;
			path = cheat_globals.m;
			refType = 4;
			sourceTree = "<group>";
		};
		6EAF23070527D7DB00A80003 = {
			children = (
				6EAF23080527D7FE00A80003,
				6EAF23090527D7FE00A80003,
				6EFB422D052F601400A80003,
				6EFB422E052F601400A80003,
			);
			isa = PBXGroup;
			name = "Miscellaneous Classes";
			refType = 4;
			sourceTree = "<group>";
		};
		6EAF23080527D7FE00A80003 = {
			fileEncoding = 4;
			isa = PBXFileReference;
			lastKnownFileType = sourcecode.c.h;
			path = ServerHolder.h;
			refType = 4;
			sourceTree = "<group>";
		};
		6EAF23090527D7FE00A80003 = {
			fileEncoding = 4;
			isa = PBXFileReference;
			lastKnownFileType = sourcecode.c.objc;
			path = ServerHolder.m;
			refType = 4;
			sourceTree = "<group>";
		};
		6EBCEEE60523E23700A80003 = {
			fileEncoding = 4;
			isa = PBXFileReference;
			lastKnownFileType = sourcecode.c.h;
			path = ServerDelegate.h;
			refType = 4;
			sourceTree = "<group>";
		};
		6ECC8E600579A3DC00AA179F = {
			children = (
				6ECC8EE40579AE4400AA179F,
			);
			isa = PBXGroup;
			name = Libraries;
			refType = 4;
			sourceTree = "<group>";
		};
		6ECC8EE40579AE4400AA179F = {
			isa = PBXFileReference;
			lastKnownFileType = archive.ar;
			name = libchaz.a;
			path = /Users/chaz/Projects/LibChaz/build/libchaz.a;
			refType = 0;
			sourceTree = "<absolute>";
		};
		6ECC8EE50579AE4400AA179F = {
			fileRef = 6ECC8EE40579AE4400AA179F;
			isa = PBXBuildFile;
			settings = {
			};
		};
		6ECC8EE60579AE4A00AA179F = {
			fileEncoding = 30;
			isa = PBXFileReference;
			lastKnownFileType = sourcecode.c.h;
			name = chaz.h;
			path = /Users/chaz/Projects/LibChaz/build/chaz.h;
			refType = 0;
			sourceTree = "<absolute>";
		};
		6ECC8EE70579AE4A00AA179F = {
			fileRef = 6ECC8EE60579AE4A00AA179F;
			isa = PBXBuildFile;
			settings = {
			};
		};
		6ED3E46305192E2B00A80003 = {
			fileEncoding = 4;
			isa = PBXFileReference;
			lastKnownFileType = sourcecode.c.h;
			path = MenuExtras.h;
			refType = 4;
			sourceTree = "<group>";
		};
		6ED3E46405192E2B00A80003 = {
			fileEncoding = 4;
			isa = PBXFileReference;
			lastKnownFileType = sourcecode.c.objc;
			path = MenuExtras.m;
			refType = 4;
			sourceTree = "<group>";
		};
		6ED3E46705192F0C00A80003 = {
			children = (
				6ED3E46305192E2B00A80003,
				6ED3E46405192E2B00A80003,
			);
			isa = PBXGroup;
			name = Categories;
			refType = 4;
			sourceTree = "<group>";
		};
		6EF8EBD9055A1730008BBE46 = {
			buildPhases = (
				6EF8EBDA055A1730008BBE46,
				6EF8EBEE055A1730008BBE46,
				6EF8EBF7055A1730008BBE46,
				6EF8EC05055A1730008BBE46,
			);
			buildRules = (
			);
			buildSettings = {
				FRAMEWORK_SEARCH_PATHS = "";
				GCC_C_LANGUAGE_STANDARD = "compiler-default";
				GCC_ENABLE_ASM_KEYWORD = YES;
				GCC_ENABLE_CPP_EXCEPTIONS = NO;
				GCC_OPTIMIZATION_LEVEL = 3;
				GCC_PRECOMPILE_PREFIX_HEADER = YES;
				GCC_PREFIX_HEADER = The_Cheat_Prefix.pch;
				GCC_WARN_FOUR_CHARACTER_CONSTANTS = NO;
				GCC_WARN_UNKNOWN_PRAGMAS = NO;
				HEADER_SEARCH_PATHS = "";
				INFOPLIST_FILE = "Info-The_Cheat__Upgraded_.plist";
				INSTALL_PATH = "$(HOME)/Applications";
				LIBRARY_SEARCH_PATHS = "\"/Users/chaz/Projects/The Cheat\" /Users/chaz/Projects/LibChaz/build";
				MACOSX_DEPLOYMENT_TARGET = 10.2;
				OTHER_CFLAGS = "";
				OTHER_LDFLAGS = "";
				PRODUCT_NAME = "The Cheat";
				SECTORDER_FLAGS = "";
				WARNING_CFLAGS = "-Wmost";
				WRAPPER_EXTENSION = app;
				ZERO_LINK = NO;
			};
			dependencies = (
			);
			isa = PBXNativeTarget;
			name = "The Cheat";
			productInstallPath = "$(HOME)/Applications";
			productName = "The Cheat";
			productReference = 6EF8EC09055A1730008BBE46;
			productType = "com.apple.product-type.application";
		};
		6EF8EBDA055A1730008BBE46 = {
			buildActionMask = 2147483647;
			files = (
				6EF8EBDB055A1730008BBE46,
				6EF8EBDC055A1730008BBE46,
				6EF8EBDD055A1730008BBE46,
				6EF8EBDE055A1730008BBE46,
				6EF8EBDF055A1730008BBE46,
				6EF8EBE0055A1730008BBE46,
				6EF8EBE1055A1730008BBE46,
				6EF8EBE2055A1730008BBE46,
				6EF8EBE3055A1730008BBE46,
				6EF8EBE4055A1730008BBE46,
				6EF8EBE5055A1730008BBE46,
				6EF8EBE6055A1730008BBE46,
				6EF8EBE7055A1730008BBE46,
				6EF8EBE8055A1730008BBE46,
				6EF8EBE9055A1730008BBE46,
				6EF8EBEA055A1730008BBE46,
				6EF8EBEB055A1730008BBE46,
				6EF8EBEC055A1730008BBE46,
				6EF8EBED055A1730008BBE46,
				6E51A9800573304C00506538,
				6E51A98A057330B900506538,
				6ECC8EE70579AE4A00AA179F,
			);
			isa = PBXHeadersBuildPhase;
			runOnlyForDeploymentPostprocessing = 0;
		};
		6EF8EBDB055A1730008BBE46 = {
			fileRef = 32DBCF750370BD2300C91783;
			isa = PBXBuildFile;
			settings = {
			};
		};
		6EF8EBDC055A1730008BBE46 = {
			fileRef = 2A37F4AEFDCFA73011CA2CEA;
			isa = PBXBuildFile;
			settings = {
			};
		};
		6EF8EBDD055A1730008BBE46 = {
			fileRef = 6E4E098C050BB21400A80003;
			isa = PBXBuildFile;
			settings = {
			};
		};
		6EF8EBDE055A1730008BBE46 = {
			fileRef = 6E4E098F050BB21400A80003;
			isa = PBXBuildFile;
			settings = {
			};
		};
		6EF8EBDF055A1730008BBE46 = {
			fileRef = 6E3F0D01050D4ACC00A80003;
			isa = PBXBuildFile;
			settings = {
			};
		};
		6EF8EBE0055A1730008BBE46 = {
			fileRef = 6E0BDF7D0511568D00A80003;
			isa = PBXBuildFile;
			settings = {
			};
		};
		6EF8EBE1055A1730008BBE46 = {
			fileRef = 6ED3E46305192E2B00A80003;
			isa = PBXBuildFile;
			settings = {
			};
		};
		6EF8EBE2055A1730008BBE46 = {
			fileRef = 6E71F41B051BCCC600A80003;
			isa = PBXBuildFile;
			settings = {
			};
		};
		6EF8EBE3055A1730008BBE46 = {
			fileRef = 6E146B11051FA42C00A80003;
			isa = PBXBuildFile;
			settings = {
			};
		};
		6EF8EBE4055A1730008BBE46 = {
			fileRef = 6E0D40AC05223CCE00A80003;
			isa = PBXBuildFile;
			settings = {
			};
		};
		6EF8EBE5055A1730008BBE46 = {
			fileRef = 6E0D40B4052243D500A80003;
			isa = PBXBuildFile;
			settings = {
			};
		};
		6EF8EBE6055A1730008BBE46 = {
			fileRef = 6E0D40B80522449500A80003;
			isa = PBXBuildFile;
			settings = {
			};
		};
		6EF8EBE7055A1730008BBE46 = {
			fileRef = 6E0D40C005224FD000A80003;
			isa = PBXBuildFile;
			settings = {
			};
		};
		6EF8EBE8055A1730008BBE46 = {
			fileRef = 6E0D40C405225DA100A80003;
			isa = PBXBuildFile;
			settings = {
			};
		};
		6EF8EBE9055A1730008BBE46 = {
			fileRef = 6E0D40CA0522815100A80003;
			isa = PBXBuildFile;
			settings = {
			};
		};
		6EF8EBEA055A1730008BBE46 = {
			fileRef = 6E0D40CE0522820D00A80003;
			isa = PBXBuildFile;
			settings = {
			};
		};
		6EF8EBEB055A1730008BBE46 = {
			fileRef = 6EBCEEE60523E23700A80003;
			isa = PBXBuildFile;
			settings = {
			};
		};
		6EF8EBEC055A1730008BBE46 = {
			fileRef = 6EAF23080527D7FE00A80003;
			isa = PBXBuildFile;
			settings = {
			};
		};
		6EF8EBED055A1730008BBE46 = {
			fileRef = 6EFB422D052F601400A80003;
			isa = PBXBuildFile;
			settings = {
			};
		};
		6EF8EBEE055A1730008BBE46 = {
			buildActionMask = 2147483647;
			files = (
				6EF8EBF0055A1730008BBE46,
				6EF8EBF1055A1730008BBE46,
				6EF8EBF2055A1730008BBE46,
				6EF8EBF3055A1730008BBE46,
				6EF8EBF4055A1730008BBE46,
				6E51A97905732B9000506538,
				6E3309E30575BA9D0093550E,
				6E1E43710588275100526509,
			);
			isa = PBXResourcesBuildPhase;
			runOnlyForDeploymentPostprocessing = 0;
		};
		6EF8EBF0055A1730008BBE46 = {
			fileRef = 2A37F4B6FDCFA73011CA2CEA;
			isa = PBXBuildFile;
			settings = {
			};
		};
		6EF8EBF1055A1730008BBE46 = {
			fileRef = 2A37F4B4FDCFA73011CA2CEA;
			isa = PBXBuildFile;
			settings = {
			};
		};
		6EF8EBF2055A1730008BBE46 = {
			fileRef = 089C165FFE840EACC02AAC07;
			isa = PBXBuildFile;
			settings = {
			};
		};
		6EF8EBF3055A1730008BBE46 = {
			fileRef = 6E0D40B005223D4E00A80003;
			isa = PBXBuildFile;
			settings = {
			};
		};
		6EF8EBF4055A1730008BBE46 = {
			fileRef = 6E0D40BC052245E700A80003;
			isa = PBXBuildFile;
			settings = {
			};
		};
		6EF8EBF7055A1730008BBE46 = {
			buildActionMask = 2147483647;
			files = (
				6EF8EBF8055A1730008BBE46,
				6EF8EBF9055A1730008BBE46,
				6EF8EBFA055A1730008BBE46,
				6EF8EBFB055A1730008BBE46,
				6EF8EBFC055A1730008BBE46,
				6EF8EBFD055A1730008BBE46,
				6EF8EBFE055A1730008BBE46,
				6EF8EBFF055A1730008BBE46,
				6EF8EC00055A1730008BBE46,
				6EF8EC01055A1730008BBE46,
				6EF8EC02055A1730008BBE46,
				6EF8EC03055A1730008BBE46,
				6EF8EC04055A1730008BBE46,
				6E51A9810573304C00506538,
				6E51A98B057330B900506538,
			);
			isa = PBXSourcesBuildPhase;
			runOnlyForDeploymentPostprocessing = 0;
		};
		6EF8EBF8055A1730008BBE46 = {
			fileRef = 2A37F4ACFDCFA73011CA2CEA;
			isa = PBXBuildFile;
			settings = {
				ATTRIBUTES = (
				);
			};
		};
		6EF8EBF9055A1730008BBE46 = {
			fileRef = 2A37F4B0FDCFA73011CA2CEA;
			isa = PBXBuildFile;
			settings = {
				ATTRIBUTES = (
				);
			};
		};
		6EF8EBFA055A1730008BBE46 = {
			fileRef = 6E4E098D050BB21400A80003;
			isa = PBXBuildFile;
			settings = {
			};
		};
		6EF8EBFB055A1730008BBE46 = {
			fileRef = 6E4E098E050BB21400A80003;
			isa = PBXBuildFile;
			settings = {
			};
		};
		6EF8EBFC055A1730008BBE46 = {
			fileRef = 6E3F0D02050D4ACC00A80003;
			isa = PBXBuildFile;
			settings = {
			};
		};
		6EF8EBFD055A1730008BBE46 = {
			fileRef = 6ED3E46405192E2B00A80003;
			isa = PBXBuildFile;
			settings = {
			};
		};
		6EF8EBFE055A1730008BBE46 = {
			fileRef = 6E71F41C051BCCC600A80003;
			isa = PBXBuildFile;
			settings = {
			};
		};
		6EF8EBFF055A1730008BBE46 = {
			fileRef = 6E146B12051FA42C00A80003;
			isa = PBXBuildFile;
			settings = {
			};
		};
		6EF8EC00055A1730008BBE46 = {
			fileRef = 6E0D40AD05223CCE00A80003;
			isa = PBXBuildFile;
			settings = {
			};
		};
		6EF8EC01055A1730008BBE46 = {
			fileRef = 6E0D40B5052243D500A80003;
			isa = PBXBuildFile;
			settings = {
			};
		};
		6EF8EC02055A1730008BBE46 = {
			fileRef = 6E0D40B90522449500A80003;
			isa = PBXBuildFile;
			settings = {
			};
		};
		6EF8EC03055A1730008BBE46 = {
			fileRef = 6EAF23090527D7FE00A80003;
			isa = PBXBuildFile;
			settings = {
			};
		};
		6EF8EC04055A1730008BBE46 = {
			fileRef = 6EFB422E052F601400A80003;
			isa = PBXBuildFile;
			settings = {
			};
		};
		6EF8EC05055A1730008BBE46 = {
			buildActionMask = 2147483647;
			files = (
				6EF8EC06055A1730008BBE46,
				6ECC8EE50579AE4400AA179F,
			);
			isa = PBXFrameworksBuildPhase;
			runOnlyForDeploymentPostprocessing = 0;
		};
		6EF8EC06055A1730008BBE46 = {
			fileRef = 1058C7A7FEA54F5311CA2CBB;
			isa = PBXBuildFile;
			settings = {
			};
		};
		6EF8EC08055A1730008BBE46 = {
			isa = PBXFileReference;
			lastKnownFileType = text.plist;
			path = "Info-The_Cheat__Upgraded_.plist";
			refType = 4;
			sourceTree = "<group>";
		};
		6EF8EC09055A1730008BBE46 = {
			explicitFileType = wrapper.application;
			includeInIndex = 0;
			isa = PBXFileReference;
			path = "The Cheat.app";
			refType = 3;
			sourceTree = BUILT_PRODUCTS_DIR;
		};
		6EFB422D052F601400A80003 = {
			fileEncoding = 4;
			isa = PBXFileReference;
			lastKnownFileType = sourcecode.c.h;
			path = SearchResults.h;
			refType = 4;
			sourceTree = "<group>";
		};
		6EFB422E052F601400A80003 = {
			fileEncoding = 4;
			isa = PBXFileReference;
			lastKnownFileType = sourcecode.c.objc;
			path = SearchResults.m;
			refType = 4;
			sourceTree = "<group>";
		};
	};
	rootObject = 2A37F4A9FDCFA73011CA2CEA;
}
