// !$*UTF8*$!
{
	archiveVersion = 1;
	classes = {
	};
	objectVersion = 39;
	objects = {
		080E96DDFE201D6D7F000001 = {
			children = (
				6ED806310641D2E9002888F7,
				6ED806320641D2E9002888F7,
				6ED8062F0641D2E9002888F7,
				6ED806300641D2E9002888F7,
				6ED806430641D305002888F7,
				6ED806440641D305002888F7,
				6EB3579A07C83C60000347B9,
				6EB3579B07C83C60000347B9,
				6ED807190641EC6E002888F7,
			);
			isa = PBXGroup;
			name = Controllers;
			refType = 4;
			sourceTree = "<group>";
		};
//080
//081
//082
//083
//084
//100
//101
//102
//103
//104
		1058C7A0FEA54F0111CA2CBB = {
			children = (
				6E63969806423AFE00BD3765,
				1058C7A1FEA54F0111CA2CBB,
				6ED806FA0641E70F002888F7,
			);
			isa = PBXGroup;
			name = "Linked Frameworks";
			refType = 4;
			sourceTree = "<group>";
		};
		1058C7A1FEA54F0111CA2CBB = {
			isa = PBXFileReference;
			lastKnownFileType = wrapper.framework;
			name = Cocoa.framework;
			path = /System/Library/Frameworks/Cocoa.framework;
			refType = 0;
			sourceTree = "<absolute>";
		};
		1058C7A2FEA54F0111CA2CBB = {
			children = (
				29B97325FDCFA39411CA2CEA,
				29B97324FDCFA39411CA2CEA,
			);
			isa = PBXGroup;
			name = "Other Frameworks";
			refType = 4;
			sourceTree = "<group>";
		};
//100
//101
//102
//103
//104
//190
//191
//192
//193
//194
		19C28FACFE9D520D11CA2CBB = {
			children = (
				8D1107320486CEB800E47090,
			);
			isa = PBXGroup;
			name = Products;
			refType = 4;
			sourceTree = "<group>";
		};
//190
//191
//192
//193
//194
//290
//291
//292
//293
//294
		29B97313FDCFA39411CA2CEA = {
			buildSettings = {
			};
			buildStyles = (
				4A9504CCFFE6A4B311CA0CBA,
				4A9504CDFFE6A4B311CA0CBA,
			);
			hasScannedForEncodings = 1;
			isa = PBXProject;
			mainGroup = 29B97314FDCFA39411CA2CEA;
			projectDirPath = "";
			targets = (
				8D1107260486CEB800E47090,
			);
		};
		29B97314FDCFA39411CA2CEA = {
			children = (
				080E96DDFE201D6D7F000001,
				6E98A54A06A73E37006A576D,
				6E38D68006C9F98E003BA9B4,
				6ED97B900645E2EE00CBF037,
				6E7157BC0647004B00763517,
				6ED806580641D343002888F7,
				6ED806700641D3AC002888F7,
				29B97315FDCFA39411CA2CEA,
				29B97317FDCFA39411CA2CEA,
				29B97323FDCFA39411CA2CEA,
				19C28FACFE9D520D11CA2CBB,
			);
			isa = PBXGroup;
			name = "The Cheat";
			path = "";
			refType = 4;
			sourceTree = "<group>";
		};
		29B97315FDCFA39411CA2CEA = {
			children = (
				6ED806830641D434002888F7,
				6ED806790641D41B002888F7,
				6ED8067A0641D41B002888F7,
				6EA253F60786249800C839D1,
				6EA253F70786249800C839D1,
				6EC06556078BE68300591D61,
				6EC06557078BE68300591D61,
				32CA4F630368D1EE00C91783,
			);
			isa = PBXGroup;
			name = "Other Sources";
			path = "";
			refType = 4;
			sourceTree = "<group>";
		};
		29B97317FDCFA39411CA2CEA = {
			children = (
				6ED806950641D498002888F7,
				6ED8068F0641D498002888F7,
				6ED806910641D498002888F7,
				6ED806990641D498002888F7,
				6E98A54B06A740EE006A576D,
				6EF2F08B077A7BFC00C8B55A,
				6EB357C907C83E9D000347B9,
				6EC06600078BFBE900591D61,
				6ED806930641D498002888F7,
				6ED806D00641D5F2002888F7,
			);
			isa = PBXGroup;
			name = Resources;
			path = "";
			refType = 4;
			sourceTree = "<group>";
		};
		29B97323FDCFA39411CA2CEA = {
			children = (
				1058C7A0FEA54F0111CA2CBB,
				1058C7A2FEA54F0111CA2CBB,
			);
			isa = PBXGroup;
			name = Frameworks;
			path = "";
			refType = 4;
			sourceTree = "<group>";
		};
		29B97324FDCFA39411CA2CEA = {
			isa = PBXFileReference;
			lastKnownFileType = wrapper.framework;
			name = AppKit.framework;
			path = /System/Library/Frameworks/AppKit.framework;
			refType = 0;
			sourceTree = "<absolute>";
		};
		29B97325FDCFA39411CA2CEA = {
			isa = PBXFileReference;
			lastKnownFileType = wrapper.framework;
			name = Foundation.framework;
			path = /System/Library/Frameworks/Foundation.framework;
			refType = 0;
			sourceTree = "<absolute>";
		};
//290
//291
//292
//293
//294
//320
//321
//322
//323
//324
		32CA4F630368D1EE00C91783 = {
			fileEncoding = 4;
			isa = PBXFileReference;
			lastKnownFileType = sourcecode.c.h;
			path = The_Cheat_Prefix.pch;
			refType = 4;
			sourceTree = "<group>";
		};
//320
//321
//322
//323
//324
//4A0
//4A1
//4A2
//4A3
//4A4
		4A9504CCFFE6A4B311CA0CBA = {
			buildSettings = {
				COPY_PHASE_STRIP = NO;
				DEBUGGING_SYMBOLS = YES;
				GCC_DYNAMIC_NO_PIC = NO;
				GCC_ENABLE_FIX_AND_CONTINUE = YES;
				GCC_GENERATE_DEBUGGING_SYMBOLS = YES;
				GCC_OPTIMIZATION_LEVEL = 0;
				OPTIMIZATION_CFLAGS = "-O0";
				ZERO_LINK = YES;
			};
			isa = PBXBuildStyle;
			name = Development;
		};
		4A9504CDFFE6A4B311CA0CBA = {
			buildSettings = {
				COPY_PHASE_STRIP = YES;
				GCC_ENABLE_FIX_AND_CONTINUE = NO;
				ZERO_LINK = NO;
			};
			isa = PBXBuildStyle;
			name = Deployment;
		};
//4A0
//4A1
//4A2
//4A3
//4A4
//6E0
//6E1
//6E2
//6E3
//6E4
		6E138BF606C18765001C688F = {
			fileEncoding = 4;
			isa = PBXFileReference;
			lastKnownFileType = sourcecode.c.h;
			path = Process.h;
			refType = 4;
			sourceTree = "<group>";
		};
		6E138BF706C18765001C688F = {
			fileEncoding = 4;
			isa = PBXFileReference;
			lastKnownFileType = sourcecode.c.objc;
			path = Process.m;
			refType = 4;
			sourceTree = "<group>";
		};
		6E138BF806C18765001C688F = {
			fileRef = 6E138BF606C18765001C688F;
			isa = PBXBuildFile;
			settings = {
			};
		};
		6E138BF906C18765001C688F = {
			fileRef = 6E138BF706C18765001C688F;
			isa = PBXBuildFile;
			settings = {
			};
		};
		6E138C3006C1C140001C688F = {
			fileEncoding = 4;
			isa = PBXFileReference;
			lastKnownFileType = sourcecode.c.h;
			path = StatusTextField.h;
			refType = 4;
			sourceTree = "<group>";
		};
		6E138C3106C1C140001C688F = {
			fileEncoding = 4;
			isa = PBXFileReference;
			lastKnownFileType = sourcecode.c.objc;
			path = StatusTextField.m;
			refType = 4;
			sourceTree = "<group>";
		};
		6E138C3206C1C140001C688F = {
			fileRef = 6E138C3006C1C140001C688F;
			isa = PBXBuildFile;
			settings = {
			};
		};
		6E138C3306C1C140001C688F = {
			fileRef = 6E138C3106C1C140001C688F;
			isa = PBXBuildFile;
			settings = {
			};
		};
		6E31A14306B71EBA00E40AB3 = {
			fileEncoding = 4;
			isa = PBXFileReference;
			lastKnownFileType = sourcecode.c.h;
			path = ServerChild.h;
			refType = 4;
			sourceTree = "<group>";
		};
		6E31A14406B71EBA00E40AB3 = {
			fileEncoding = 4;
			isa = PBXFileReference;
			lastKnownFileType = sourcecode.c.objc;
			path = ServerChild.m;
			refType = 4;
			sourceTree = "<group>";
		};
		6E31A14506B71EBA00E40AB3 = {
			fileRef = 6E31A14306B71EBA00E40AB3;
			isa = PBXBuildFile;
			settings = {
			};
		};
		6E31A14606B71EBA00E40AB3 = {
			fileRef = 6E31A14406B71EBA00E40AB3;
			isa = PBXBuildFile;
			settings = {
			};
		};
		6E31A16B06B723CB00E40AB3 = {
			fileEncoding = 4;
			isa = PBXFileReference;
			lastKnownFileType = sourcecode.c.h;
			path = LocalCheater.h;
			refType = 4;
			sourceTree = "<group>";
		};
		6E31A16C06B723CB00E40AB3 = {
			fileEncoding = 4;
			isa = PBXFileReference;
			lastKnownFileType = sourcecode.c.objc;
			path = LocalCheater.m;
			refType = 4;
			sourceTree = "<group>";
		};
		6E31A16D06B723CB00E40AB3 = {
			fileRef = 6E31A16B06B723CB00E40AB3;
			isa = PBXBuildFile;
			settings = {
			};
		};
		6E31A16E06B723CB00E40AB3 = {
			fileRef = 6E31A16C06B723CB00E40AB3;
			isa = PBXBuildFile;
			settings = {
			};
		};
		6E31A1B806B7286300E40AB3 = {
			fileEncoding = 4;
			isa = PBXFileReference;
			lastKnownFileType = sourcecode.c.h;
			path = RemoteCheater.h;
			refType = 4;
			sourceTree = "<group>";
		};
		6E31A1B906B7286300E40AB3 = {
			fileEncoding = 4;
			isa = PBXFileReference;
			lastKnownFileType = sourcecode.c.objc;
			path = RemoteCheater.m;
			refType = 4;
			sourceTree = "<group>";
		};
		6E31A1BA06B7286300E40AB3 = {
			fileRef = 6E31A1B806B7286300E40AB3;
			isa = PBXBuildFile;
			settings = {
			};
		};
		6E31A1BB06B7286300E40AB3 = {
			fileRef = 6E31A1B906B7286300E40AB3;
			isa = PBXBuildFile;
			settings = {
			};
		};
		6E38D3FD06C9B71F003BA9B4 = {
			fileEncoding = 4;
			isa = PBXFileReference;
			lastKnownFileType = sourcecode.c.h;
			path = BetterTableView.h;
			refType = 4;
			sourceTree = "<group>";
		};
		6E38D3FE06C9B71F003BA9B4 = {
			fileEncoding = 4;
			isa = PBXFileReference;
			lastKnownFileType = sourcecode.c.objc;
			path = BetterTableView.m;
			refType = 4;
			sourceTree = "<group>";
		};
		6E38D3FF06C9B71F003BA9B4 = {
			fileRef = 6E38D3FD06C9B71F003BA9B4;
			isa = PBXBuildFile;
			settings = {
			};
		};
		6E38D40006C9B71F003BA9B4 = {
			fileRef = 6E38D3FE06C9B71F003BA9B4;
			isa = PBXBuildFile;
			settings = {
			};
		};
		6E38D61706C9F7A8003BA9B4 = {
			fileEncoding = 4;
			isa = PBXFileReference;
			lastKnownFileType = sourcecode.c.h;
			path = Cheater.h;
			refType = 4;
			sourceTree = "<group>";
		};
		6E38D61806C9F7A8003BA9B4 = {
			fileEncoding = 4;
			isa = PBXFileReference;
			lastKnownFileType = sourcecode.c.objc;
			path = Cheater.m;
			refType = 4;
			sourceTree = "<group>";
		};
		6E38D61906C9F7A8003BA9B4 = {
			fileRef = 6E38D61706C9F7A8003BA9B4;
			isa = PBXBuildFile;
			settings = {
			};
		};
		6E38D61A06C9F7A8003BA9B4 = {
			fileRef = 6E38D61806C9F7A8003BA9B4;
			isa = PBXBuildFile;
			settings = {
			};
		};
		6E38D68006C9F98E003BA9B4 = {
			children = (
				6EF2F0BF077B424000C8B55A,
				6E9BF5030782926E008F0139,
				6E31A16B06B723CB00E40AB3,
				6E31A16C06B723CB00E40AB3,
				6E31A1B806B7286300E40AB3,
				6E31A1B906B7286300E40AB3,
				6E38D61706C9F7A8003BA9B4,
				6E38D61806C9F7A8003BA9B4,
				6E6FD6B10762B965004FD845,
				6E6FD6B20762B965004FD845,
				6E9BF4B0078287DF008F0139,
				6E9BF4B1078287DF008F0139,
				6E6FDC240765858A004FD845,
				6E6FDC250765858A004FD845,
				6E138BF606C18765001C688F,
				6E138BF706C18765001C688F,
				6E3D7D3C06C44CFE00A73B29,
				6E3D7D3D06C44CFE00A73B29,
			);
			isa = PBXGroup;
			name = Cheating;
			refType = 4;
			sourceTree = "<group>";
		};
		6E3D7D3C06C44CFE00A73B29 = {
			fileEncoding = 4;
			isa = PBXFileReference;
			lastKnownFileType = sourcecode.c.h;
			path = Variable.h;
			refType = 4;
			sourceTree = "<group>";
		};
		6E3D7D3D06C44CFE00A73B29 = {
			fileEncoding = 4;
			isa = PBXFileReference;
			lastKnownFileType = sourcecode.c.objc;
			path = Variable.m;
			refType = 4;
			sourceTree = "<group>";
		};
		6E3D7D3E06C44CFE00A73B29 = {
			fileRef = 6E3D7D3C06C44CFE00A73B29;
			isa = PBXBuildFile;
			settings = {
			};
		};
		6E3D7D3F06C44CFE00A73B29 = {
			fileRef = 6E3D7D3D06C44CFE00A73B29;
			isa = PBXBuildFile;
			settings = {
			};
		};
		6E63969806423AFE00BD3765 = {
			isa = PBXFileReference;
			lastKnownFileType = wrapper.framework;
			name = Carbon.framework;
			path = /System/Library/Frameworks/Carbon.framework;
			refType = 0;
			sourceTree = "<absolute>";
		};
		6E63969906423AFE00BD3765 = {
			fileRef = 6E63969806423AFE00BD3765;
			isa = PBXBuildFile;
			settings = {
			};
		};
		6E6FD69B0762B626004FD845 = {
			fileEncoding = 30;
			isa = PBXFileReference;
			lastKnownFileType = sourcecode.c.h;
			path = ThreadedTask.h;
			refType = 4;
			sourceTree = "<group>";
		};
		6E6FD69C0762B626004FD845 = {
			fileEncoding = 30;
			isa = PBXFileReference;
			lastKnownFileType = sourcecode.c.objc;
			path = ThreadedTask.m;
			refType = 4;
			sourceTree = "<group>";
		};
		6E6FD69D0762B626004FD845 = {
			fileRef = 6E6FD69B0762B626004FD845;
			isa = PBXBuildFile;
			settings = {
			};
		};
		6E6FD69E0762B626004FD845 = {
			fileRef = 6E6FD69C0762B626004FD845;
			isa = PBXBuildFile;
			settings = {
			};
		};
		6E6FD6B10762B965004FD845 = {
			fileEncoding = 4;
			isa = PBXFileReference;
			lastKnownFileType = sourcecode.c.h;
			path = SearchContext.h;
			refType = 4;
			sourceTree = "<group>";
		};
		6E6FD6B20762B965004FD845 = {
			fileEncoding = 4;
			isa = PBXFileReference;
			lastKnownFileType = sourcecode.c.objc;
			path = SearchContext.m;
			refType = 4;
			sourceTree = "<group>";
		};
		6E6FD6B30762B965004FD845 = {
			fileRef = 6E6FD6B10762B965004FD845;
			isa = PBXBuildFile;
			settings = {
			};
		};
		6E6FD6B40762B965004FD845 = {
			fileRef = 6E6FD6B20762B965004FD845;
			isa = PBXBuildFile;
			settings = {
			};
		};
		6E6FD8FA0764D1B0004FD845 = {
			isa = PBXFileReference;
			lastKnownFileType = image.tiff;
			path = Lock.tif;
			refType = 4;
			sourceTree = "<group>";
		};
		6E6FD9FE0764EDE4004FD845 = {
			fileEncoding = 4;
			isa = PBXFileReference;
			lastKnownFileType = sourcecode.c.h;
			path = FadeView.h;
			refType = 4;
			sourceTree = "<group>";
		};
		6E6FD9FF0764EDE4004FD845 = {
			fileEncoding = 4;
			isa = PBXFileReference;
			lastKnownFileType = sourcecode.c.objc;
			path = FadeView.m;
			refType = 4;
			sourceTree = "<group>";
		};
		6E6FDA000764EDE4004FD845 = {
			fileRef = 6E6FD9FE0764EDE4004FD845;
			isa = PBXBuildFile;
			settings = {
			};
		};
		6E6FDA010764EDE4004FD845 = {
			fileRef = 6E6FD9FF0764EDE4004FD845;
			isa = PBXBuildFile;
			settings = {
			};
		};
		6E6FDC240765858A004FD845 = {
			fileEncoding = 4;
			isa = PBXFileReference;
			lastKnownFileType = sourcecode.c.h;
			path = DumpContext.h;
			refType = 4;
			sourceTree = "<group>";
		};
		6E6FDC250765858A004FD845 = {
			fileEncoding = 4;
			isa = PBXFileReference;
			lastKnownFileType = sourcecode.c.objc;
			path = DumpContext.m;
			refType = 4;
			sourceTree = "<group>";
		};
		6E6FDC260765858A004FD845 = {
			fileRef = 6E6FDC240765858A004FD845;
			isa = PBXBuildFile;
			settings = {
			};
		};
		6E6FDC270765858A004FD845 = {
			fileRef = 6E6FDC250765858A004FD845;
			isa = PBXBuildFile;
			settings = {
			};
		};
		6E7157BC0647004B00763517 = {
			children = (
				6E6FD69B0762B626004FD845,
				6E6FD69C0762B626004FD845,
				6EAB490B06CC4FEA00A4ABF0,
				6EAB490C06CC4FEA00A4ABF0,
			);
			isa = PBXGroup;
			name = "The Core";
			refType = 4;
			sourceTree = "<group>";
		};
		6E72B20D06AA5B0E00951D50 = {
			fileEncoding = 4;
			isa = PBXFileReference;
			lastKnownFileType = sourcecode.c.h;
			path = CheatData.h;
			refType = 4;
			sourceTree = "<group>";
		};
		6E72B20E06AA5B0E00951D50 = {
			fileEncoding = 4;
			isa = PBXFileReference;
			lastKnownFileType = sourcecode.c.objc;
			path = CheatData.m;
			refType = 4;
			sourceTree = "<group>";
		};
		6E72B20F06AA5B0E00951D50 = {
			fileRef = 6E72B20D06AA5B0E00951D50;
			isa = PBXBuildFile;
			settings = {
			};
		};
		6E72B21006AA5B0E00951D50 = {
			fileRef = 6E72B20E06AA5B0E00951D50;
			isa = PBXBuildFile;
			settings = {
			};
		};
		6E7614A206A47A790051C301 = {
			fileEncoding = 4;
			isa = PBXFileReference;
			lastKnownFileType = sourcecode.c.h;
			path = CheatDocument.h;
			refType = 4;
			sourceTree = "<group>";
		};
		6E7614A306A47A790051C301 = {
			fileEncoding = 4;
			isa = PBXFileReference;
			lastKnownFileType = sourcecode.c.objc;
			path = CheatDocument.m;
			refType = 4;
			sourceTree = "<group>";
		};
		6E7614A406A47A790051C301 = {
			fileRef = 6E7614A206A47A790051C301;
			isa = PBXBuildFile;
			settings = {
			};
		};
		6E7614A506A47A790051C301 = {
			fileRef = 6E7614A306A47A790051C301;
			isa = PBXBuildFile;
			settings = {
			};
		};
		6E8181D1076E475200A5FBEB = {
			fileEncoding = 4;
			isa = PBXFileReference;
			lastKnownFileType = sourcecode.c.h;
			path = SearchData.h;
			refType = 4;
			sourceTree = "<group>";
		};
		6E8181D2076E475200A5FBEB = {
			fileEncoding = 4;
			isa = PBXFileReference;
			lastKnownFileType = sourcecode.c.objc;
			path = SearchData.m;
			refType = 4;
			sourceTree = "<group>";
		};
		6E8181D3076E475200A5FBEB = {
			fileRef = 6E8181D1076E475200A5FBEB;
			isa = PBXBuildFile;
			settings = {
			};
		};
		6E8181D4076E475200A5FBEB = {
			fileRef = 6E8181D2076E475200A5FBEB;
			isa = PBXBuildFile;
			settings = {
			};
		};
		6E83F53007B048BD00D9DACB = {
			fileEncoding = 4;
			isa = PBXFileReference;
			lastKnownFileType = sourcecode.c.h;
			path = MySocket.h;
			refType = 4;
			sourceTree = "<group>";
		};
		6E83F53107B048BD00D9DACB = {
			fileEncoding = 4;
			isa = PBXFileReference;
			lastKnownFileType = sourcecode.c.objc;
			path = MySocket.m;
			refType = 4;
			sourceTree = "<group>";
		};
		6E83F53207B048BD00D9DACB = {
			fileRef = 6E83F53007B048BD00D9DACB;
			isa = PBXBuildFile;
			settings = {
			};
		};
		6E83F53307B048BD00D9DACB = {
			fileRef = 6E83F53107B048BD00D9DACB;
			isa = PBXBuildFile;
			settings = {
			};
		};
		6E98A54A06A73E37006A576D = {
			children = (
				6E7614A206A47A790051C301,
				6E7614A306A47A790051C301,
				6EA39693077F4025002B0E69,
				6EA3969B077F419A002B0E69,
				6E72B20D06AA5B0E00951D50,
				6E72B20E06AA5B0E00951D50,
				6E8181D1076E475200A5FBEB,
				6E8181D2076E475200A5FBEB,
			);
			isa = PBXGroup;
			name = Document;
			refType = 4;
			sourceTree = "<group>";
		};
		6E98A54B06A740EE006A576D = {
			children = (
				6E98A54C06A740EE006A576D,
			);
			isa = PBXVariantGroup;
			name = CheatDocument.nib;
			path = "";
			refType = 4;
			sourceTree = "<group>";
		};
		6E98A54C06A740EE006A576D = {
			isa = PBXFileReference;
			lastKnownFileType = wrapper.nib;
			name = English;
			path = English.lproj/CheatDocument.nib;
			refType = 4;
			sourceTree = "<group>";
		};
		6E98A54D06A740EE006A576D = {
			fileRef = 6E98A54B06A740EE006A576D;
			isa = PBXBuildFile;
			settings = {
			};
		};
		6E9BF31F0781EEC3008F0139 = {
			fileEncoding = 4;
			isa = PBXFileReference;
			lastKnownFileType = sourcecode.c.h;
			path = TrackerScroller.h;
			refType = 4;
			sourceTree = "<group>";
		};
		6E9BF3200781EEC3008F0139 = {
			fileEncoding = 4;
			isa = PBXFileReference;
			lastKnownFileType = sourcecode.c.objc;
			path = TrackerScroller.m;
			refType = 4;
			sourceTree = "<group>";
		};
		6E9BF3210781EEC3008F0139 = {
			fileRef = 6E9BF31F0781EEC3008F0139;
			isa = PBXBuildFile;
			settings = {
			};
		};
		6E9BF3220781EEC3008F0139 = {
			fileRef = 6E9BF3200781EEC3008F0139;
			isa = PBXBuildFile;
			settings = {
			};
		};
		6E9BF3BA07820415008F0139 = {
			fileEncoding = 4;
			isa = PBXFileReference;
			lastKnownFileType = sourcecode.c.h;
			path = VariableTable.h;
			refType = 4;
			sourceTree = "<group>";
		};
		6E9BF3BB07820415008F0139 = {
			fileEncoding = 4;
			isa = PBXFileReference;
			lastKnownFileType = sourcecode.c.objc;
			path = VariableTable.m;
			refType = 4;
			sourceTree = "<group>";
		};
		6E9BF3BC07820415008F0139 = {
			fileRef = 6E9BF3BA07820415008F0139;
			isa = PBXBuildFile;
			settings = {
			};
		};
		6E9BF3BD07820415008F0139 = {
			fileRef = 6E9BF3BB07820415008F0139;
			isa = PBXBuildFile;
			settings = {
			};
		};
		6E9BF4B0078287DF008F0139 = {
			fileEncoding = 4;
			isa = PBXFileReference;
			lastKnownFileType = sourcecode.c.h;
			path = Searching.h;
			refType = 4;
			sourceTree = "<group>";
		};
		6E9BF4B1078287DF008F0139 = {
			fileEncoding = 4;
			isa = PBXFileReference;
			lastKnownFileType = sourcecode.c.objc;
			path = Searching.m;
			refType = 4;
			sourceTree = "<group>";
		};
		6E9BF4B2078287DF008F0139 = {
			fileRef = 6E9BF4B0078287DF008F0139;
			isa = PBXBuildFile;
			settings = {
			};
		};
		6E9BF4B3078287DF008F0139 = {
			fileRef = 6E9BF4B1078287DF008F0139;
			isa = PBXBuildFile;
			settings = {
			};
		};
		6E9BF5030782926E008F0139 = {
			fileEncoding = 4;
			isa = PBXFileReference;
			lastKnownFileType = sourcecode.c.objc;
			path = CheaterTypes.m;
			refType = 4;
			sourceTree = "<group>";
		};
		6E9BF5040782926E008F0139 = {
			fileRef = 6E9BF5030782926E008F0139;
			isa = PBXBuildFile;
			settings = {
			};
		};
		6EA253F60786249800C839D1 = {
			fileEncoding = 30;
			isa = PBXFileReference;
			lastKnownFileType = sourcecode.c.h;
			path = ChazLog.h;
			refType = 4;
			sourceTree = "<group>";
		};
		6EA253F70786249800C839D1 = {
			fileEncoding = 30;
			isa = PBXFileReference;
			lastKnownFileType = sourcecode.c.objc;
			path = ChazLog.m;
			refType = 4;
			sourceTree = "<group>";
		};
		6EA253F80786249800C839D1 = {
			fileRef = 6EA253F60786249800C839D1;
			isa = PBXBuildFile;
			settings = {
			};
		};
		6EA253F90786249800C839D1 = {
			fileRef = 6EA253F70786249800C839D1;
			isa = PBXBuildFile;
			settings = {
			};
		};
		6EA39693077F4025002B0E69 = {
			fileEncoding = 4;
			isa = PBXFileReference;
			lastKnownFileType = sourcecode.c.objc;
			path = DocInterfaceActions.m;
			refType = 4;
			sourceTree = "<group>";
		};
		6EA39694077F4025002B0E69 = {
			fileRef = 6EA39693077F4025002B0E69;
			isa = PBXBuildFile;
			settings = {
			};
		};
		6EA3969B077F419A002B0E69 = {
			fileEncoding = 4;
			isa = PBXFileReference;
			lastKnownFileType = sourcecode.c.objc;
			path = DocCheaterDelegate.m;
			refType = 4;
			sourceTree = "<group>";
		};
		6EA3969C077F419A002B0E69 = {
			fileRef = 6EA3969B077F419A002B0E69;
			isa = PBXBuildFile;
			settings = {
			};
		};
		6EAB490B06CC4FEA00A4ABF0 = {
			fileEncoding = 4;
			isa = PBXFileReference;
			lastKnownFileType = sourcecode.c.h;
			path = VMRegion.h;
			refType = 4;
			sourceTree = "<group>";
		};
		6EAB490C06CC4FEA00A4ABF0 = {
			fileEncoding = 4;
			isa = PBXFileReference;
			lastKnownFileType = sourcecode.c.objc;
			path = VMRegion.m;
			refType = 4;
			sourceTree = "<group>";
		};
		6EAB490D06CC4FEA00A4ABF0 = {
			fileRef = 6EAB490B06CC4FEA00A4ABF0;
			isa = PBXBuildFile;
			settings = {
			};
		};
		6EAB490E06CC4FEA00A4ABF0 = {
			fileRef = 6EAB490C06CC4FEA00A4ABF0;
			isa = PBXBuildFile;
			settings = {
			};
		};
		6EB3528707C56771000347B9 = {
			isa = PBXFileReference;
			lastKnownFileType = image.icns;
			path = icon.icns;
			refType = 4;
			sourceTree = "<group>";
		};
		6EB3528807C56771000347B9 = {
			isa = PBXFileReference;
			lastKnownFileType = image.icns;
			path = icondoc.icns;
			refType = 4;
			sourceTree = "<group>";
		};
		6EB3528907C56771000347B9 = {
			fileRef = 6EB3528707C56771000347B9;
			isa = PBXBuildFile;
			settings = {
			};
		};
		6EB3528A07C56771000347B9 = {
			fileRef = 6EB3528807C56771000347B9;
			isa = PBXBuildFile;
			settings = {
			};
		};
		6EB3578E07C83B99000347B9 = {
			fileEncoding = 30;
			isa = PBXFileReference;
			lastKnownFileType = text.plist.scriptTerminology;
			path = CheatURLHandler.scriptTerminology;
			refType = 4;
			sourceTree = "<group>";
		};
		6EB3578F07C83B99000347B9 = {
			fileEncoding = 30;
			isa = PBXFileReference;
			lastKnownFileType = text.plist.scriptSuite;
			path = CheatURLHandler.scriptSuite;
			refType = 4;
			sourceTree = "<group>";
		};
		6EB3579007C83B99000347B9 = {
			fileRef = 6EB3578E07C83B99000347B9;
			isa = PBXBuildFile;
			settings = {
			};
		};
		6EB3579107C83B99000347B9 = {
			fileRef = 6EB3578F07C83B99000347B9;
			isa = PBXBuildFile;
			settings = {
			};
		};
		6EB3579A07C83C60000347B9 = {
			fileEncoding = 4;
			isa = PBXFileReference;
			lastKnownFileType = sourcecode.c.h;
			path = CheatURLCommand.h;
			refType = 4;
			sourceTree = "<group>";
		};
		6EB3579B07C83C60000347B9 = {
			fileEncoding = 4;
			isa = PBXFileReference;
			lastKnownFileType = sourcecode.c.objc;
			path = CheatURLCommand.m;
			refType = 4;
			sourceTree = "<group>";
		};
		6EB3579C07C83C60000347B9 = {
			fileRef = 6EB3579A07C83C60000347B9;
			isa = PBXBuildFile;
			settings = {
			};
		};
		6EB3579D07C83C60000347B9 = {
			fileRef = 6EB3579B07C83C60000347B9;
			isa = PBXBuildFile;
			settings = {
			};
		};
		6EB357C907C83E9D000347B9 = {
			children = (
				6EB3578F07C83B99000347B9,
				6EB3578E07C83B99000347B9,
			);
			isa = PBXGroup;
			name = AppleScript;
			path = "";
			refType = 4;
			sourceTree = "<group>";
		};
		6EB35AA107CA5FE0000347B9 = {
			isa = PBXFileReference;
			lastKnownFileType = image.png;
			path = Update.png;
			refType = 4;
			sourceTree = "<group>";
		};
		6EB35AA207CA5FE0000347B9 = {
			fileRef = 6EB35AA107CA5FE0000347B9;
			isa = PBXBuildFile;
			settings = {
			};
		};
		6EB35B3507CA6BCC000347B9 = {
			fileEncoding = 4;
			isa = PBXFileReference;
			lastKnownFileType = sourcecode.c.h;
			path = UpdatePrefs.h;
			refType = 4;
			sourceTree = "<group>";
		};
		6EB35B3607CA6BCC000347B9 = {
			fileEncoding = 4;
			isa = PBXFileReference;
			lastKnownFileType = sourcecode.c.objc;
			path = UpdatePrefs.m;
			refType = 4;
			sourceTree = "<group>";
		};
		6EB35B3707CA6BCC000347B9 = {
			fileRef = 6EB35B3507CA6BCC000347B9;
			isa = PBXBuildFile;
			settings = {
			};
		};
		6EB35B3807CA6BCC000347B9 = {
			fileRef = 6EB35B3607CA6BCC000347B9;
			isa = PBXBuildFile;
			settings = {
			};
		};
		6EC06556078BE68300591D61 = {
			fileEncoding = 4;
			isa = PBXFileReference;
			lastKnownFileType = sourcecode.c.h;
			path = ChazUpdate.h;
			refType = 4;
			sourceTree = "<group>";
		};
		6EC06557078BE68300591D61 = {
			fileEncoding = 4;
			isa = PBXFileReference;
			lastKnownFileType = sourcecode.c.objc;
			path = ChazUpdate.m;
			refType = 4;
			sourceTree = "<group>";
		};
		6EC06558078BE68300591D61 = {
			fileRef = 6EC06556078BE68300591D61;
			isa = PBXBuildFile;
			settings = {
			};
		};
		6EC06559078BE68300591D61 = {
			fileRef = 6EC06557078BE68300591D61;
			isa = PBXBuildFile;
			settings = {
			};
		};
		6EC06600078BFBE900591D61 = {
			fileEncoding = 30;
			isa = PBXFileReference;
			lastKnownFileType = text.html;
			path = Help.html;
			refType = 4;
			sourceTree = "<group>";
		};
		6EC06601078BFBE900591D61 = {
			fileRef = 6EC06600078BFBE900591D61;
			isa = PBXBuildFile;
			settings = {
			};
		};
		6ECDE0990643984400B1DD8A = {
			isa = PBXFileReference;
			lastKnownFileType = image.png;
			path = Server.png;
			refType = 4;
			sourceTree = "<group>";
		};
		6ECDE09A0643984400B1DD8A = {
			fileRef = 6ECDE0990643984400B1DD8A;
			isa = PBXBuildFile;
			settings = {
			};
		};
		6ECDE09D0643985000B1DD8A = {
			isa = PBXFileReference;
			lastKnownFileType = image.png;
			path = General.png;
			refType = 4;
			sourceTree = "<group>";
		};
		6ECDE09E0643985000B1DD8A = {
			fileRef = 6ECDE09D0643985000B1DD8A;
			isa = PBXBuildFile;
			settings = {
			};
		};
		6ED8062F0641D2E9002888F7 = {
			fileEncoding = 30;
			isa = PBXFileReference;
			lastKnownFileType = sourcecode.c.h;
			path = AboutBoxController.h;
			refType = 4;
			sourceTree = "<group>";
		};
		6ED806300641D2E9002888F7 = {
			fileEncoding = 30;
			isa = PBXFileReference;
			lastKnownFileType = sourcecode.c.objc;
			path = AboutBoxController.m;
			refType = 4;
			sourceTree = "<group>";
		};
		6ED806310641D2E9002888F7 = {
			fileEncoding = 30;
			isa = PBXFileReference;
			lastKnownFileType = sourcecode.c.h;
			path = AppController.h;
			refType = 4;
			sourceTree = "<group>";
		};
		6ED806320641D2E9002888F7 = {
			fileEncoding = 30;
			isa = PBXFileReference;
			lastKnownFileType = sourcecode.c.objc;
			path = AppController.m;
			refType = 4;
			sourceTree = "<group>";
		};
		6ED806350641D2E9002888F7 = {
			fileEncoding = 30;
			isa = PBXFileReference;
			lastKnownFileType = sourcecode.c.h;
			path = PreferenceController.h;
			refType = 4;
			sourceTree = "<group>";
		};
		6ED806360641D2E9002888F7 = {
			fileEncoding = 30;
			isa = PBXFileReference;
			lastKnownFileType = sourcecode.c.objc;
			path = PreferenceController.m;
			refType = 4;
			sourceTree = "<group>";
		};
		6ED806390641D2E9002888F7 = {
			fileRef = 6ED8062F0641D2E9002888F7;
			isa = PBXBuildFile;
			settings = {
			};
		};
		6ED8063A0641D2E9002888F7 = {
			fileRef = 6ED806300641D2E9002888F7;
			isa = PBXBuildFile;
			settings = {
			};
		};
		6ED8063B0641D2E9002888F7 = {
			fileRef = 6ED806310641D2E9002888F7;
			isa = PBXBuildFile;
			settings = {
			};
		};
		6ED8063C0641D2E9002888F7 = {
			fileRef = 6ED806320641D2E9002888F7;
			isa = PBXBuildFile;
			settings = {
			};
		};
		6ED8063F0641D2E9002888F7 = {
			fileRef = 6ED806350641D2E9002888F7;
			isa = PBXBuildFile;
			settings = {
			};
		};
		6ED806400641D2E9002888F7 = {
			fileRef = 6ED806360641D2E9002888F7;
			isa = PBXBuildFile;
			settings = {
			};
		};
		6ED806430641D305002888F7 = {
			fileEncoding = 30;
			isa = PBXFileReference;
			lastKnownFileType = sourcecode.c.h;
			path = HelpController.h;
			refType = 4;
			sourceTree = "<group>";
		};
		6ED806440641D305002888F7 = {
			fileEncoding = 30;
			isa = PBXFileReference;
			lastKnownFileType = sourcecode.c.objc;
			path = HelpController.m;
			refType = 4;
			sourceTree = "<group>";
		};
		6ED806450641D305002888F7 = {
			fileRef = 6ED806430641D305002888F7;
			isa = PBXBuildFile;
			settings = {
			};
		};
		6ED806460641D305002888F7 = {
			fileRef = 6ED806440641D305002888F7;
			isa = PBXBuildFile;
			settings = {
			};
		};
		6ED806580641D343002888F7 = {
			children = (
				6E38D3FD06C9B71F003BA9B4,
				6E38D3FE06C9B71F003BA9B4,
				6E9BF3BA07820415008F0139,
				6E9BF3BB07820415008F0139,
				6E9BF31F0781EEC3008F0139,
				6E9BF3200781EEC3008F0139,
				6E6FD9FE0764EDE4004FD845,
				6E6FD9FF0764EDE4004FD845,
				6E138C3006C1C140001C688F,
				6E138C3106C1C140001C688F,
			);
			isa = PBXGroup;
			name = Interface;
			refType = 4;
			sourceTree = "<group>";
		};
		6ED806700641D3AC002888F7 = {
			children = (
				6ED806710641D3CC002888F7,
				6ED806720641D3CC002888F7,
			);
			isa = PBXGroup;
			name = Categories;
			refType = 4;
			sourceTree = "<group>";
		};
		6ED806710641D3CC002888F7 = {
			fileEncoding = 30;
			isa = PBXFileReference;
			lastKnownFileType = sourcecode.c.h;
			path = MenuExtras.h;
			refType = 4;
			sourceTree = "<group>";
		};
		6ED806720641D3CC002888F7 = {
			fileEncoding = 30;
			isa = PBXFileReference;
			lastKnownFileType = sourcecode.c.objc;
			path = MenuExtras.m;
			refType = 4;
			sourceTree = "<group>";
		};
		6ED806730641D3CC002888F7 = {
			fileRef = 6ED806710641D3CC002888F7;
			isa = PBXBuildFile;
			settings = {
			};
		};
		6ED806740641D3CC002888F7 = {
			fileRef = 6ED806720641D3CC002888F7;
			isa = PBXBuildFile;
			settings = {
			};
		};
		6ED806790641D41B002888F7 = {
			fileEncoding = 30;
			isa = PBXFileReference;
			lastKnownFileType = sourcecode.c.h;
			path = cheat_global.h;
			refType = 4;
			sourceTree = "<group>";
		};
		6ED8067A0641D41B002888F7 = {
			fileEncoding = 30;
			isa = PBXFileReference;
			lastKnownFileType = sourcecode.c.objc;
			path = cheat_global.m;
			refType = 4;
			sourceTree = "<group>";
		};
		6ED806800641D41B002888F7 = {
			fileRef = 6ED806790641D41B002888F7;
			isa = PBXBuildFile;
			settings = {
			};
		};
		6ED806810641D41B002888F7 = {
			fileRef = 6ED8067A0641D41B002888F7;
			isa = PBXBuildFile;
			settings = {
			};
		};
		6ED806830641D434002888F7 = {
			fileEncoding = 30;
			isa = PBXFileReference;
			lastKnownFileType = sourcecode.c.objc;
			path = main.m;
			refType = 4;
			sourceTree = "<group>";
		};
		6ED806840641D434002888F7 = {
			fileRef = 6ED806830641D434002888F7;
			isa = PBXBuildFile;
			settings = {
			};
		};
		6ED8068F0641D498002888F7 = {
			children = (
				6ED806900641D498002888F7,
			);
			isa = PBXVariantGroup;
			name = AboutBox.nib;
			path = "";
			refType = 4;
			sourceTree = "<group>";
		};
		6ED806900641D498002888F7 = {
			isa = PBXFileReference;
			lastKnownFileType = wrapper.nib;
			name = English;
			path = English.lproj/AboutBox.nib;
			refType = 4;
			sourceTree = "<group>";
		};
		6ED806910641D498002888F7 = {
			children = (
				6ED806920641D498002888F7,
			);
			isa = PBXVariantGroup;
			name = Help.nib;
			path = "";
			refType = 4;
			sourceTree = "<group>";
		};
		6ED806920641D498002888F7 = {
			isa = PBXFileReference;
			lastKnownFileType = wrapper.nib;
			name = English;
			path = English.lproj/Help.nib;
			refType = 4;
			sourceTree = "<group>";
		};
		6ED806930641D498002888F7 = {
			children = (
				6ED806940641D498002888F7,
			);
			isa = PBXVariantGroup;
			name = InfoPlist.strings;
			path = "";
			refType = 4;
			sourceTree = "<group>";
		};
		6ED806940641D498002888F7 = {
			fileEncoding = 30;
			isa = PBXFileReference;
			lastKnownFileType = text.plist.strings;
			name = English;
			path = English.lproj/InfoPlist.strings;
			refType = 4;
			sourceTree = "<group>";
		};
		6ED806950641D498002888F7 = {
			children = (
				6ED806960641D498002888F7,
			);
			isa = PBXVariantGroup;
			name = MainMenu.nib;
			path = "";
			refType = 4;
			sourceTree = "<group>";
		};
		6ED806960641D498002888F7 = {
			isa = PBXFileReference;
			lastKnownFileType = wrapper.nib;
			name = English;
			path = English.lproj/MainMenu.nib;
			refType = 4;
			sourceTree = "<group>";
		};
		6ED806990641D498002888F7 = {
			children = (
				6ED8069A0641D498002888F7,
			);
			isa = PBXVariantGroup;
			name = Preferences.nib;
			path = "";
			refType = 4;
			sourceTree = "<group>";
		};
		6ED8069A0641D498002888F7 = {
			isa = PBXFileReference;
			lastKnownFileType = wrapper.nib;
			name = English;
			path = English.lproj/Preferences.nib;
			refType = 4;
			sourceTree = "<group>";
		};
		6ED8069F0641D498002888F7 = {
			fileRef = 6ED8068F0641D498002888F7;
			isa = PBXBuildFile;
			settings = {
			};
		};
		6ED806A00641D498002888F7 = {
			fileRef = 6ED806910641D498002888F7;
			isa = PBXBuildFile;
			settings = {
			};
		};
		6ED806A10641D498002888F7 = {
			fileRef = 6ED806930641D498002888F7;
			isa = PBXBuildFile;
			settings = {
			};
		};
		6ED806A20641D498002888F7 = {
			fileRef = 6ED806950641D498002888F7;
			isa = PBXBuildFile;
			settings = {
			};
		};
		6ED806A40641D498002888F7 = {
			fileRef = 6ED806990641D498002888F7;
			isa = PBXBuildFile;
			settings = {
			};
		};
		6ED806D00641D5F2002888F7 = {
			fileEncoding = 30;
			isa = PBXFileReference;
			lastKnownFileType = text.xml;
			path = Info.plist;
			refType = 4;
			sourceTree = "<group>";
		};
		6ED806FA0641E70F002888F7 = {
			isa = PBXFileReference;
			lastKnownFileType = wrapper.framework;
			name = WebKit.framework;
			path = /System/Library/Frameworks/WebKit.framework;
			refType = 0;
			sourceTree = "<absolute>";
		};
		6ED806FB0641E70F002888F7 = {
			fileRef = 6ED806FA0641E70F002888F7;
			isa = PBXBuildFile;
			settings = {
			};
		};
		6ED807190641EC6E002888F7 = {
			children = (
				6ED806350641D2E9002888F7,
				6ED806360641D2E9002888F7,
				6ED8072006421B05002888F7,
				6ED8072106421B05002888F7,
				6EB35B3507CA6BCC000347B9,
				6EB35B3607CA6BCC000347B9,
				6ED8072606421B10002888F7,
				6ED8072706421B10002888F7,
			);
			isa = PBXGroup;
			name = Preferences;
			path = "";
			refType = 4;
			sourceTree = "<group>";
		};
		6ED8072006421B05002888F7 = {
			fileEncoding = 4;
			isa = PBXFileReference;
			lastKnownFileType = sourcecode.c.h;
			path = GeneralPrefs.h;
			refType = 4;
			sourceTree = "<group>";
		};
		6ED8072106421B05002888F7 = {
			fileEncoding = 4;
			isa = PBXFileReference;
			lastKnownFileType = sourcecode.c.objc;
			path = GeneralPrefs.m;
			refType = 4;
			sourceTree = "<group>";
		};
		6ED8072206421B05002888F7 = {
			fileRef = 6ED8072006421B05002888F7;
			isa = PBXBuildFile;
			settings = {
			};
		};
		6ED8072306421B05002888F7 = {
			fileRef = 6ED8072106421B05002888F7;
			isa = PBXBuildFile;
			settings = {
			};
		};
		6ED8072606421B10002888F7 = {
			fileEncoding = 4;
			isa = PBXFileReference;
			lastKnownFileType = sourcecode.c.h;
			path = ServerPrefs.h;
			refType = 4;
			sourceTree = "<group>";
		};
		6ED8072706421B10002888F7 = {
			fileEncoding = 4;
			isa = PBXFileReference;
			lastKnownFileType = sourcecode.c.objc;
			path = ServerPrefs.m;
			refType = 4;
			sourceTree = "<group>";
		};
		6ED8072806421B10002888F7 = {
			fileRef = 6ED8072606421B10002888F7;
			isa = PBXBuildFile;
			settings = {
			};
		};
		6ED8072906421B10002888F7 = {
			fileRef = 6ED8072706421B10002888F7;
			isa = PBXBuildFile;
			settings = {
			};
		};
		6ED97B900645E2EE00CBF037 = {
			children = (
				6ED97B9D0645E85700CBF037,
				6ED97B9E0645E85700CBF037,
				6E31A14306B71EBA00E40AB3,
				6E31A14406B71EBA00E40AB3,
				6E83F53007B048BD00D9DACB,
				6E83F53107B048BD00D9DACB,
			);
			isa = PBXGroup;
			name = Networking;
			refType = 4;
			sourceTree = "<group>";
		};
		6ED97B9D0645E85700CBF037 = {
			fileEncoding = 30;
			isa = PBXFileReference;
			lastKnownFileType = sourcecode.c.h;
			path = CheatServer.h;
			refType = 4;
			sourceTree = "<group>";
		};
		6ED97B9E0645E85700CBF037 = {
			fileEncoding = 30;
			isa = PBXFileReference;
			lastKnownFileType = sourcecode.c.objc;
			path = CheatServer.m;
			refType = 4;
			sourceTree = "<group>";
		};
		6ED97B9F0645E85700CBF037 = {
			fileRef = 6ED97B9D0645E85700CBF037;
			isa = PBXBuildFile;
			settings = {
			};
		};
		6ED97BA00645E85700CBF037 = {
			fileRef = 6ED97B9E0645E85700CBF037;
			isa = PBXBuildFile;
			settings = {
			};
		};
		6EF2F08B077A7BFC00C8B55A = {
			children = (
				6ECDE09D0643985000B1DD8A,
				6ECDE0990643984400B1DD8A,
				6EB35AA107CA5FE0000347B9,
				6E6FD8FA0764D1B0004FD845,
				6EB3528707C56771000347B9,
				6EB3528807C56771000347B9,
			);
			isa = PBXGroup;
			name = Images;
			path = "";
			refType = 4;
			sourceTree = "<group>";
		};
		6EF2F0BF077B424000C8B55A = {
			fileEncoding = 4;
			isa = PBXFileReference;
			lastKnownFileType = sourcecode.c.h;
			path = CheaterTypes.h;
			refType = 4;
			sourceTree = "<group>";
		};
		6EF2F0C0077B424000C8B55A = {
			fileRef = 6EF2F0BF077B424000C8B55A;
			isa = PBXBuildFile;
			settings = {
			};
		};
//6E0
//6E1
//6E2
//6E3
//6E4
//8D0
//8D1
//8D2
//8D3
//8D4
		8D1107260486CEB800E47090 = {
			buildPhases = (
				8D1107270486CEB800E47090,
				8D1107290486CEB800E47090,
				8D11072C0486CEB800E47090,
				8D11072E0486CEB800E47090,
			);
			buildRules = (
			);
			buildSettings = {
				COPY_PHASE_STRIP = YES;
				DEAD_CODE_STRIPPING = YES;
				FRAMEWORK_SEARCH_PATHS = "";
				GCC_AUTO_VECTORIZATION = YES;
				GCC_DYNAMIC_NO_PIC = YES;
				GCC_ENABLE_OBJC_EXCEPTIONS = NO;
				GCC_ENABLE_TRIGRAPHS = NO;
				GCC_FAST_OBJC_DISPATCH = YES;
				GCC_GENERATE_DEBUGGING_SYMBOLS = NO;
				GCC_PRECOMPILE_PREFIX_HEADER = YES;
				GCC_PREFIX_HEADER = The_Cheat_Prefix.pch;
				GCC_WARN_ABOUT_MISSING_PROTOTYPES = NO;
				GCC_WARN_FOUR_CHARACTER_CONSTANTS = NO;
				GCC_WARN_UNKNOWN_PRAGMAS = NO;
				HEADER_SEARCH_PATHS = "";
				INFOPLIST_FILE = Info.plist;
				INSTALL_PATH = "$(HOME)/Applications";
				LIBRARY_SEARCH_PATHS = "";
				MACOSX_DEPLOYMENT_TARGET = 10.2;
				OTHER_CFLAGS = "";
				OTHER_LDFLAGS = "";
				PRODUCT_NAME = "The Cheat";
				SECTORDER_FLAGS = "";
				WARNING_CFLAGS = "-Wmost -Wno-four-char-constants -Wno-unknown-pragmas";
				WRAPPER_EXTENSION = app;
			};
			dependencies = (
			);
			isa = PBXNativeTarget;
			name = "The Cheat";
			productInstallPath = "$(HOME)/Applications";
			productName = "The Cheat";
			productReference = 8D1107320486CEB800E47090;
			productType = "com.apple.product-type.application";
		};
		8D1107270486CEB800E47090 = {
			buildActionMask = 2147483647;
			files = (
				8D1107280486CEB800E47090,
				6ED806390641D2E9002888F7,
				6ED8063B0641D2E9002888F7,
				6ED8063F0641D2E9002888F7,
				6ED806450641D305002888F7,
				6ED806730641D3CC002888F7,
				6ED806800641D41B002888F7,
				6ED8072206421B05002888F7,
				6ED8072806421B10002888F7,
				6ED97B9F0645E85700CBF037,
				6E7614A406A47A790051C301,
				6E72B20F06AA5B0E00951D50,
				6E31A14506B71EBA00E40AB3,
				6E31A16D06B723CB00E40AB3,
				6E31A1BA06B7286300E40AB3,
				6E138BF806C18765001C688F,
				6E138C3206C1C140001C688F,
				6E3D7D3E06C44CFE00A73B29,
				6E38D3FF06C9B71F003BA9B4,
				6E38D61906C9F7A8003BA9B4,
				6EAB490D06CC4FEA00A4ABF0,
				6E6FD69D0762B626004FD845,
				6E6FD6B30762B965004FD845,
				6E6FDA000764EDE4004FD845,
				6E6FDC260765858A004FD845,
				6E8181D3076E475200A5FBEB,
				6EF2F0C0077B424000C8B55A,
				6E9BF3210781EEC3008F0139,
				6E9BF3BC07820415008F0139,
				6E9BF4B2078287DF008F0139,
				6EA253F80786249800C839D1,
				6EC06558078BE68300591D61,
				6E83F53207B048BD00D9DACB,
				6EB3579C07C83C60000347B9,
				6EB35B3707CA6BCC000347B9,
			);
			isa = PBXHeadersBuildPhase;
			runOnlyForDeploymentPostprocessing = 0;
		};
		8D1107280486CEB800E47090 = {
			fileRef = 32CA4F630368D1EE00C91783;
			isa = PBXBuildFile;
			settings = {
			};
		};
		8D1107290486CEB800E47090 = {
			buildActionMask = 2147483647;
			files = (
				6ED8069F0641D498002888F7,
				6ED806A00641D498002888F7,
				6ED806A10641D498002888F7,
				6ED806A20641D498002888F7,
				6ED806A40641D498002888F7,
				6ECDE09A0643984400B1DD8A,
				6ECDE09E0643985000B1DD8A,
				6E98A54D06A740EE006A576D,
				6EC06601078BFBE900591D61,
				6EB3528907C56771000347B9,
				6EB3528A07C56771000347B9,
				6EB3579007C83B99000347B9,
				6EB3579107C83B99000347B9,
				6EB35AA207CA5FE0000347B9,
			);
			isa = PBXResourcesBuildPhase;
			runOnlyForDeploymentPostprocessing = 0;
		};
		8D11072C0486CEB800E47090 = {
			buildActionMask = 2147483647;
			files = (
				6ED8063A0641D2E9002888F7,
				6ED8063C0641D2E9002888F7,
				6ED806400641D2E9002888F7,
				6ED806460641D305002888F7,
				6ED806740641D3CC002888F7,
				6ED806810641D41B002888F7,
				6ED806840641D434002888F7,
				6ED8072306421B05002888F7,
				6ED8072906421B10002888F7,
				6ED97BA00645E85700CBF037,
				6E7614A506A47A790051C301,
				6E72B21006AA5B0E00951D50,
				6E31A14606B71EBA00E40AB3,
				6E31A16E06B723CB00E40AB3,
				6E31A1BB06B7286300E40AB3,
				6E138BF906C18765001C688F,
				6E138C3306C1C140001C688F,
				6E3D7D3F06C44CFE00A73B29,
				6E38D40006C9B71F003BA9B4,
				6E38D61A06C9F7A8003BA9B4,
				6EAB490E06CC4FEA00A4ABF0,
				6E6FD69E0762B626004FD845,
				6E6FD6B40762B965004FD845,
				6E6FDA010764EDE4004FD845,
				6E6FDC270765858A004FD845,
				6E8181D4076E475200A5FBEB,
				6EA39694077F4025002B0E69,
				6EA3969C077F419A002B0E69,
				6E9BF3220781EEC3008F0139,
				6E9BF3BD07820415008F0139,
				6E9BF4B3078287DF008F0139,
				6E9BF5040782926E008F0139,
				6EA253F90786249800C839D1,
				6EC06559078BE68300591D61,
				6E83F53307B048BD00D9DACB,
				6EB3579D07C83C60000347B9,
				6EB35B3807CA6BCC000347B9,
			);
			isa = PBXSourcesBuildPhase;
			runOnlyForDeploymentPostprocessing = 0;
		};
		8D11072E0486CEB800E47090 = {
			buildActionMask = 2147483647;
			files = (
				8D11072F0486CEB800E47090,
				6ED806FB0641E70F002888F7,
				6E63969906423AFE00BD3765,
			);
			isa = PBXFrameworksBuildPhase;
			runOnlyForDeploymentPostprocessing = 0;
		};
		8D11072F0486CEB800E47090 = {
			fileRef = 1058C7A1FEA54F0111CA2CBB;
			isa = PBXBuildFile;
			settings = {
			};
		};
		8D1107320486CEB800E47090 = {
			explicitFileType = wrapper.application;
			includeInIndex = 0;
			isa = PBXFileReference;
			path = "The Cheat.app";
			refType = 3;
			sourceTree = BUILT_PRODUCTS_DIR;
		};
	};
	rootObject = 29B97313FDCFA39411CA2CEA;
}
