// !$*UTF8*$!
{
	archiveVersion = 1;
	classes = {
	};
	objectVersion = 45;
	objects = {

/* Begin PBXBuildFile section */
		6E138BF806C18765001C688F /* Process.h in Headers */ = {isa = PBXBuildFile; fileRef = 6E138BF606C18765001C688F /* Process.h */; };
		6E138BF906C18765001C688F /* Process.m in Sources */ = {isa = PBXBuildFile; fileRef = 6E138BF706C18765001C688F /* Process.m */; };
		6E138C3206C1C140001C688F /* StatusTextField.h in Headers */ = {isa = PBXBuildFile; fileRef = 6E138C3006C1C140001C688F /* StatusTextField.h */; };
		6E138C3306C1C140001C688F /* StatusTextField.m in Sources */ = {isa = PBXBuildFile; fileRef = 6E138C3106C1C140001C688F /* StatusTextField.m */; };
		6E31A14506B71EBA00E40AB3 /* ServerChild.h in Headers */ = {isa = PBXBuildFile; fileRef = 6E31A14306B71EBA00E40AB3 /* ServerChild.h */; };
		6E31A14606B71EBA00E40AB3 /* ServerChild.m in Sources */ = {isa = PBXBuildFile; fileRef = 6E31A14406B71EBA00E40AB3 /* ServerChild.m */; };
		6E31A16D06B723CB00E40AB3 /* LocalCheater.h in Headers */ = {isa = PBXBuildFile; fileRef = 6E31A16B06B723CB00E40AB3 /* LocalCheater.h */; };
		6E31A16E06B723CB00E40AB3 /* LocalCheater.m in Sources */ = {isa = PBXBuildFile; fileRef = 6E31A16C06B723CB00E40AB3 /* LocalCheater.m */; };
		6E31A1BA06B7286300E40AB3 /* RemoteCheater.h in Headers */ = {isa = PBXBuildFile; fileRef = 6E31A1B806B7286300E40AB3 /* RemoteCheater.h */; };
		6E31A1BB06B7286300E40AB3 /* RemoteCheater.m in Sources */ = {isa = PBXBuildFile; fileRef = 6E31A1B906B7286300E40AB3 /* RemoteCheater.m */; };
		6E38D3FF06C9B71F003BA9B4 /* BetterTableView.h in Headers */ = {isa = PBXBuildFile; fileRef = 6E38D3FD06C9B71F003BA9B4 /* BetterTableView.h */; };
		6E38D40006C9B71F003BA9B4 /* BetterTableView.m in Sources */ = {isa = PBXBuildFile; fileRef = 6E38D3FE06C9B71F003BA9B4 /* BetterTableView.m */; };
		6E38D61906C9F7A8003BA9B4 /* Cheater.h in Headers */ = {isa = PBXBuildFile; fileRef = 6E38D61706C9F7A8003BA9B4 /* Cheater.h */; };
		6E38D61A06C9F7A8003BA9B4 /* Cheater.m in Sources */ = {isa = PBXBuildFile; fileRef = 6E38D61806C9F7A8003BA9B4 /* Cheater.m */; };
		6E3D7D3E06C44CFE00A73B29 /* Variable.h in Headers */ = {isa = PBXBuildFile; fileRef = 6E3D7D3C06C44CFE00A73B29 /* Variable.h */; };
		6E3D7D3F06C44CFE00A73B29 /* Variable.m in Sources */ = {isa = PBXBuildFile; fileRef = 6E3D7D3D06C44CFE00A73B29 /* Variable.m */; };
		6E63969906423AFE00BD3765 /* Carbon.framework in Frameworks */ = {isa = PBXBuildFile; fileRef = 6E63969806423AFE00BD3765 /* Carbon.framework */; };
		6E6FD69D0762B626004FD845 /* ThreadedTask.h in Headers */ = {isa = PBXBuildFile; fileRef = 6E6FD69B0762B626004FD845 /* ThreadedTask.h */; };
		6E6FD69E0762B626004FD845 /* ThreadedTask.m in Sources */ = {isa = PBXBuildFile; fileRef = 6E6FD69C0762B626004FD845 /* ThreadedTask.m */; };
		6E6FD6B30762B965004FD845 /* SearchContext.h in Headers */ = {isa = PBXBuildFile; fileRef = 6E6FD6B10762B965004FD845 /* SearchContext.h */; };
		6E6FD6B40762B965004FD845 /* SearchContext.m in Sources */ = {isa = PBXBuildFile; fileRef = 6E6FD6B20762B965004FD845 /* SearchContext.m */; };
		6E6FDA000764EDE4004FD845 /* FadeView.h in Headers */ = {isa = PBXBuildFile; fileRef = 6E6FD9FE0764EDE4004FD845 /* FadeView.h */; };
		6E6FDA010764EDE4004FD845 /* FadeView.m in Sources */ = {isa = PBXBuildFile; fileRef = 6E6FD9FF0764EDE4004FD845 /* FadeView.m */; };
		6E6FDC260765858A004FD845 /* DumpContext.h in Headers */ = {isa = PBXBuildFile; fileRef = 6E6FDC240765858A004FD845 /* DumpContext.h */; };
		6E6FDC270765858A004FD845 /* DumpContext.m in Sources */ = {isa = PBXBuildFile; fileRef = 6E6FDC250765858A004FD845 /* DumpContext.m */; };
		6E72B20F06AA5B0E00951D50 /* CheatData.h in Headers */ = {isa = PBXBuildFile; fileRef = 6E72B20D06AA5B0E00951D50 /* CheatData.h */; };
		6E72B21006AA5B0E00951D50 /* CheatData.m in Sources */ = {isa = PBXBuildFile; fileRef = 6E72B20E06AA5B0E00951D50 /* CheatData.m */; };
		6E7614A406A47A790051C301 /* CheatDocument.h in Headers */ = {isa = PBXBuildFile; fileRef = 6E7614A206A47A790051C301 /* CheatDocument.h */; };
		6E7614A506A47A790051C301 /* CheatDocument.m in Sources */ = {isa = PBXBuildFile; fileRef = 6E7614A306A47A790051C301 /* CheatDocument.m */; };
		6E8181D3076E475200A5FBEB /* SearchData.h in Headers */ = {isa = PBXBuildFile; fileRef = 6E8181D1076E475200A5FBEB /* SearchData.h */; };
		6E8181D4076E475200A5FBEB /* SearchData.m in Sources */ = {isa = PBXBuildFile; fileRef = 6E8181D2076E475200A5FBEB /* SearchData.m */; };
		6E83F53207B048BD00D9DACB /* MySocket.h in Headers */ = {isa = PBXBuildFile; fileRef = 6E83F53007B048BD00D9DACB /* MySocket.h */; };
		6E83F53307B048BD00D9DACB /* MySocket.m in Sources */ = {isa = PBXBuildFile; fileRef = 6E83F53107B048BD00D9DACB /* MySocket.m */; };
		6E98A54D06A740EE006A576D /* CheatDocument.nib in Resources */ = {isa = PBXBuildFile; fileRef = 6E98A54B06A740EE006A576D /* CheatDocument.nib */; };
		6E9BF3210781EEC3008F0139 /* TrackerScroller.h in Headers */ = {isa = PBXBuildFile; fileRef = 6E9BF31F0781EEC3008F0139 /* TrackerScroller.h */; };
		6E9BF3220781EEC3008F0139 /* TrackerScroller.m in Sources */ = {isa = PBXBuildFile; fileRef = 6E9BF3200781EEC3008F0139 /* TrackerScroller.m */; };
		6E9BF3BC07820415008F0139 /* VariableTable.h in Headers */ = {isa = PBXBuildFile; fileRef = 6E9BF3BA07820415008F0139 /* VariableTable.h */; };
		6E9BF3BD07820415008F0139 /* VariableTable.m in Sources */ = {isa = PBXBuildFile; fileRef = 6E9BF3BB07820415008F0139 /* VariableTable.m */; };
		6E9BF4B2078287DF008F0139 /* Searching.h in Headers */ = {isa = PBXBuildFile; fileRef = 6E9BF4B0078287DF008F0139 /* Searching.h */; };
		6E9BF4B3078287DF008F0139 /* Searching.m in Sources */ = {isa = PBXBuildFile; fileRef = 6E9BF4B1078287DF008F0139 /* Searching.m */; };
		6E9BF5040782926E008F0139 /* CheaterTypes.m in Sources */ = {isa = PBXBuildFile; fileRef = 6E9BF5030782926E008F0139 /* CheaterTypes.m */; };
		6EA253F80786249800C839D1 /* ChazLog.h in Headers */ = {isa = PBXBuildFile; fileRef = 6EA253F60786249800C839D1 /* ChazLog.h */; };
		6EA253F90786249800C839D1 /* ChazLog.m in Sources */ = {isa = PBXBuildFile; fileRef = 6EA253F70786249800C839D1 /* ChazLog.m */; };
		6EA39694077F4025002B0E69 /* DocInterfaceActions.m in Sources */ = {isa = PBXBuildFile; fileRef = 6EA39693077F4025002B0E69 /* DocInterfaceActions.m */; };
		6EA3969C077F419A002B0E69 /* DocCheaterDelegate.m in Sources */ = {isa = PBXBuildFile; fileRef = 6EA3969B077F419A002B0E69 /* DocCheaterDelegate.m */; };
		6EAB490D06CC4FEA00A4ABF0 /* VMRegion.h in Headers */ = {isa = PBXBuildFile; fileRef = 6EAB490B06CC4FEA00A4ABF0 /* VMRegion.h */; };
		6EAB490E06CC4FEA00A4ABF0 /* VMRegion.m in Sources */ = {isa = PBXBuildFile; fileRef = 6EAB490C06CC4FEA00A4ABF0 /* VMRegion.m */; };
		6EB3528907C56771000347B9 /* icon.icns in Resources */ = {isa = PBXBuildFile; fileRef = 6EB3528707C56771000347B9 /* icon.icns */; };
		6EB3528A07C56771000347B9 /* icondoc.icns in Resources */ = {isa = PBXBuildFile; fileRef = 6EB3528807C56771000347B9 /* icondoc.icns */; };
		6EB3579007C83B99000347B9 /* CheatURLHandler.scriptTerminology in Resources */ = {isa = PBXBuildFile; fileRef = 6EB3578E07C83B99000347B9 /* CheatURLHandler.scriptTerminology */; };
		6EB3579107C83B99000347B9 /* CheatURLHandler.scriptSuite in Resources */ = {isa = PBXBuildFile; fileRef = 6EB3578F07C83B99000347B9 /* CheatURLHandler.scriptSuite */; };
		6EB3579C07C83C60000347B9 /* CheatURLCommand.h in Headers */ = {isa = PBXBuildFile; fileRef = 6EB3579A07C83C60000347B9 /* CheatURLCommand.h */; };
		6EB3579D07C83C60000347B9 /* CheatURLCommand.m in Sources */ = {isa = PBXBuildFile; fileRef = 6EB3579B07C83C60000347B9 /* CheatURLCommand.m */; };
		6EB35AA207CA5FE0000347B9 /* Update.png in Resources */ = {isa = PBXBuildFile; fileRef = 6EB35AA107CA5FE0000347B9 /* Update.png */; };
		6EB35B3707CA6BCC000347B9 /* UpdatePrefs.h in Headers */ = {isa = PBXBuildFile; fileRef = 6EB35B3507CA6BCC000347B9 /* UpdatePrefs.h */; };
		6EB35B3807CA6BCC000347B9 /* UpdatePrefs.m in Sources */ = {isa = PBXBuildFile; fileRef = 6EB35B3607CA6BCC000347B9 /* UpdatePrefs.m */; };
		6EC06558078BE68300591D61 /* ChazUpdate.h in Headers */ = {isa = PBXBuildFile; fileRef = 6EC06556078BE68300591D61 /* ChazUpdate.h */; };
		6EC06559078BE68300591D61 /* ChazUpdate.m in Sources */ = {isa = PBXBuildFile; fileRef = 6EC06557078BE68300591D61 /* ChazUpdate.m */; };
		6EC06601078BFBE900591D61 /* Help.html in Resources */ = {isa = PBXBuildFile; fileRef = 6EC06600078BFBE900591D61 /* Help.html */; };
		6ECDE09A0643984400B1DD8A /* Server.png in Resources */ = {isa = PBXBuildFile; fileRef = 6ECDE0990643984400B1DD8A /* Server.png */; };
		6ECDE09E0643985000B1DD8A /* General.png in Resources */ = {isa = PBXBuildFile; fileRef = 6ECDE09D0643985000B1DD8A /* General.png */; };
		6ED806390641D2E9002888F7 /* AboutBoxController.h in Headers */ = {isa = PBXBuildFile; fileRef = 6ED8062F0641D2E9002888F7 /* AboutBoxController.h */; };
		6ED8063A0641D2E9002888F7 /* AboutBoxController.m in Sources */ = {isa = PBXBuildFile; fileRef = 6ED806300641D2E9002888F7 /* AboutBoxController.m */; };
		6ED8063B0641D2E9002888F7 /* AppController.h in Headers */ = {isa = PBXBuildFile; fileRef = 6ED806310641D2E9002888F7 /* AppController.h */; };
		6ED8063C0641D2E9002888F7 /* AppController.m in Sources */ = {isa = PBXBuildFile; fileRef = 6ED806320641D2E9002888F7 /* AppController.m */; };
		6ED8063F0641D2E9002888F7 /* PreferenceController.h in Headers */ = {isa = PBXBuildFile; fileRef = 6ED806350641D2E9002888F7 /* PreferenceController.h */; };
		6ED806400641D2E9002888F7 /* PreferenceController.m in Sources */ = {isa = PBXBuildFile; fileRef = 6ED806360641D2E9002888F7 /* PreferenceController.m */; };
		6ED806450641D305002888F7 /* HelpController.h in Headers */ = {isa = PBXBuildFile; fileRef = 6ED806430641D305002888F7 /* HelpController.h */; };
		6ED806460641D305002888F7 /* HelpController.m in Sources */ = {isa = PBXBuildFile; fileRef = 6ED806440641D305002888F7 /* HelpController.m */; };
		6ED806730641D3CC002888F7 /* MenuExtras.h in Headers */ = {isa = PBXBuildFile; fileRef = 6ED806710641D3CC002888F7 /* MenuExtras.h */; };
		6ED806740641D3CC002888F7 /* MenuExtras.m in Sources */ = {isa = PBXBuildFile; fileRef = 6ED806720641D3CC002888F7 /* MenuExtras.m */; };
		6ED806800641D41B002888F7 /* cheat_global.h in Headers */ = {isa = PBXBuildFile; fileRef = 6ED806790641D41B002888F7 /* cheat_global.h */; };
		6ED806810641D41B002888F7 /* cheat_global.m in Sources */ = {isa = PBXBuildFile; fileRef = 6ED8067A0641D41B002888F7 /* cheat_global.m */; };
		6ED806840641D434002888F7 /* main.m in Sources */ = {isa = PBXBuildFile; fileRef = 6ED806830641D434002888F7 /* main.m */; };
		6ED8069F0641D498002888F7 /* AboutBox.nib in Resources */ = {isa = PBXBuildFile; fileRef = 6ED8068F0641D498002888F7 /* AboutBox.nib */; };
		6ED806A00641D498002888F7 /* Help.nib in Resources */ = {isa = PBXBuildFile; fileRef = 6ED806910641D498002888F7 /* Help.nib */; };
		6ED806A10641D498002888F7 /* InfoPlist.strings in Resources */ = {isa = PBXBuildFile; fileRef = 6ED806930641D498002888F7 /* InfoPlist.strings */; };
		6ED806A20641D498002888F7 /* MainMenu.nib in Resources */ = {isa = PBXBuildFile; fileRef = 6ED806950641D498002888F7 /* MainMenu.nib */; };
		6ED806A40641D498002888F7 /* Preferences.nib in Resources */ = {isa = PBXBuildFile; fileRef = 6ED806990641D498002888F7 /* Preferences.nib */; };
		6ED806FB0641E70F002888F7 /* WebKit.framework in Frameworks */ = {isa = PBXBuildFile; fileRef = 6ED806FA0641E70F002888F7 /* WebKit.framework */; };
		6ED8072206421B05002888F7 /* GeneralPrefs.h in Headers */ = {isa = PBXBuildFile; fileRef = 6ED8072006421B05002888F7 /* GeneralPrefs.h */; };
		6ED8072306421B05002888F7 /* GeneralPrefs.m in Sources */ = {isa = PBXBuildFile; fileRef = 6ED8072106421B05002888F7 /* GeneralPrefs.m */; };
		6ED8072806421B10002888F7 /* ServerPrefs.h in Headers */ = {isa = PBXBuildFile; fileRef = 6ED8072606421B10002888F7 /* ServerPrefs.h */; };
		6ED8072906421B10002888F7 /* ServerPrefs.m in Sources */ = {isa = PBXBuildFile; fileRef = 6ED8072706421B10002888F7 /* ServerPrefs.m */; };
		6ED97B9F0645E85700CBF037 /* CheatServer.h in Headers */ = {isa = PBXBuildFile; fileRef = 6ED97B9D0645E85700CBF037 /* CheatServer.h */; };
		6ED97BA00645E85700CBF037 /* CheatServer.m in Sources */ = {isa = PBXBuildFile; fileRef = 6ED97B9E0645E85700CBF037 /* CheatServer.m */; };
		6EF2F0C0077B424000C8B55A /* CheaterTypes.h in Headers */ = {isa = PBXBuildFile; fileRef = 6EF2F0BF077B424000C8B55A /* CheaterTypes.h */; };
		7761C5010EBEBE6A00BEE6DF /* Security.framework in Frameworks */ = {isa = PBXBuildFile; fileRef = 7761C5000EBEBE6A00BEE6DF /* Security.framework */; };
		8D1107280486CEB800E47090 /* The_Cheat_Prefix.pch in Headers */ = {isa = PBXBuildFile; fileRef = 32CA4F630368D1EE00C91783 /* The_Cheat_Prefix.pch */; };
		8D11072F0486CEB800E47090 /* Cocoa.framework in Frameworks */ = {isa = PBXBuildFile; fileRef = 1058C7A1FEA54F0111CA2CBB /* Cocoa.framework */; };
/* End PBXBuildFile section */

/* Begin PBXFileReference section */
		1058C7A1FEA54F0111CA2CBB /* Cocoa.framework */ = {isa = PBXFileReference; lastKnownFileType = wrapper.framework; name = Cocoa.framework; path = /System/Library/Frameworks/Cocoa.framework; sourceTree = "<absolute>"; };
		29B97324FDCFA39411CA2CEA /* AppKit.framework */ = {isa = PBXFileReference; lastKnownFileType = wrapper.framework; name = AppKit.framework; path = /System/Library/Frameworks/AppKit.framework; sourceTree = "<absolute>"; };
		29B97325FDCFA39411CA2CEA /* Foundation.framework */ = {isa = PBXFileReference; lastKnownFileType = wrapper.framework; name = Foundation.framework; path = /System/Library/Frameworks/Foundation.framework; sourceTree = "<absolute>"; };
		32CA4F630368D1EE00C91783 /* The_Cheat_Prefix.pch */ = {isa = PBXFileReference; fileEncoding = 4; lastKnownFileType = sourcecode.c.h; path = The_Cheat_Prefix.pch; sourceTree = "<group>"; };
		6E138BF606C18765001C688F /* Process.h */ = {isa = PBXFileReference; fileEncoding = 4; lastKnownFileType = sourcecode.c.h; path = Process.h; sourceTree = "<group>"; };
		6E138BF706C18765001C688F /* Process.m */ = {isa = PBXFileReference; fileEncoding = 4; lastKnownFileType = sourcecode.c.objc; path = Process.m; sourceTree = "<group>"; };
		6E138C3006C1C140001C688F /* StatusTextField.h */ = {isa = PBXFileReference; fileEncoding = 4; lastKnownFileType = sourcecode.c.h; path = StatusTextField.h; sourceTree = "<group>"; };
		6E138C3106C1C140001C688F /* StatusTextField.m */ = {isa = PBXFileReference; fileEncoding = 4; lastKnownFileType = sourcecode.c.objc; path = StatusTextField.m; sourceTree = "<group>"; };
		6E31A14306B71EBA00E40AB3 /* ServerChild.h */ = {isa = PBXFileReference; fileEncoding = 4; lastKnownFileType = sourcecode.c.h; path = ServerChild.h; sourceTree = "<group>"; };
		6E31A14406B71EBA00E40AB3 /* ServerChild.m */ = {isa = PBXFileReference; fileEncoding = 4; lastKnownFileType = sourcecode.c.objc; path = ServerChild.m; sourceTree = "<group>"; };
		6E31A16B06B723CB00E40AB3 /* LocalCheater.h */ = {isa = PBXFileReference; fileEncoding = 4; lastKnownFileType = sourcecode.c.h; path = LocalCheater.h; sourceTree = "<group>"; };
		6E31A16C06B723CB00E40AB3 /* LocalCheater.m */ = {isa = PBXFileReference; fileEncoding = 4; lastKnownFileType = sourcecode.c.objc; path = LocalCheater.m; sourceTree = "<group>"; };
		6E31A1B806B7286300E40AB3 /* RemoteCheater.h */ = {isa = PBXFileReference; fileEncoding = 4; lastKnownFileType = sourcecode.c.h; path = RemoteCheater.h; sourceTree = "<group>"; };
		6E31A1B906B7286300E40AB3 /* RemoteCheater.m */ = {isa = PBXFileReference; fileEncoding = 4; lastKnownFileType = sourcecode.c.objc; path = RemoteCheater.m; sourceTree = "<group>"; };
		6E38D3FD06C9B71F003BA9B4 /* BetterTableView.h */ = {isa = PBXFileReference; fileEncoding = 4; lastKnownFileType = sourcecode.c.h; path = BetterTableView.h; sourceTree = "<group>"; };
		6E38D3FE06C9B71F003BA9B4 /* BetterTableView.m */ = {isa = PBXFileReference; fileEncoding = 4; lastKnownFileType = sourcecode.c.objc; path = BetterTableView.m; sourceTree = "<group>"; };
		6E38D61706C9F7A8003BA9B4 /* Cheater.h */ = {isa = PBXFileReference; fileEncoding = 4; lastKnownFileType = sourcecode.c.h; path = Cheater.h; sourceTree = "<group>"; };
		6E38D61806C9F7A8003BA9B4 /* Cheater.m */ = {isa = PBXFileReference; fileEncoding = 4; lastKnownFileType = sourcecode.c.objc; path = Cheater.m; sourceTree = "<group>"; };
		6E3D7D3C06C44CFE00A73B29 /* Variable.h */ = {isa = PBXFileReference; fileEncoding = 4; lastKnownFileType = sourcecode.c.h; path = Variable.h; sourceTree = "<group>"; };
		6E3D7D3D06C44CFE00A73B29 /* Variable.m */ = {isa = PBXFileReference; fileEncoding = 4; lastKnownFileType = sourcecode.c.objc; path = Variable.m; sourceTree = "<group>"; };
		6E63969806423AFE00BD3765 /* Carbon.framework */ = {isa = PBXFileReference; lastKnownFileType = wrapper.framework; name = Carbon.framework; path = /System/Library/Frameworks/Carbon.framework; sourceTree = "<absolute>"; };
		6E6FD69B0762B626004FD845 /* ThreadedTask.h */ = {isa = PBXFileReference; fileEncoding = 30; lastKnownFileType = sourcecode.c.h; path = ThreadedTask.h; sourceTree = "<group>"; };
		6E6FD69C0762B626004FD845 /* ThreadedTask.m */ = {isa = PBXFileReference; fileEncoding = 30; lastKnownFileType = sourcecode.c.objc; path = ThreadedTask.m; sourceTree = "<group>"; };
		6E6FD6B10762B965004FD845 /* SearchContext.h */ = {isa = PBXFileReference; fileEncoding = 4; lastKnownFileType = sourcecode.c.h; path = SearchContext.h; sourceTree = "<group>"; };
		6E6FD6B20762B965004FD845 /* SearchContext.m */ = {isa = PBXFileReference; fileEncoding = 4; lastKnownFileType = sourcecode.c.objc; path = SearchContext.m; sourceTree = "<group>"; };
		6E6FD8FA0764D1B0004FD845 /* Lock.tif */ = {isa = PBXFileReference; lastKnownFileType = image.tiff; path = Lock.tif; sourceTree = "<group>"; };
		6E6FD9FE0764EDE4004FD845 /* FadeView.h */ = {isa = PBXFileReference; fileEncoding = 4; lastKnownFileType = sourcecode.c.h; path = FadeView.h; sourceTree = "<group>"; };
		6E6FD9FF0764EDE4004FD845 /* FadeView.m */ = {isa = PBXFileReference; fileEncoding = 4; lastKnownFileType = sourcecode.c.objc; path = FadeView.m; sourceTree = "<group>"; };
		6E6FDC240765858A004FD845 /* DumpContext.h */ = {isa = PBXFileReference; fileEncoding = 4; lastKnownFileType = sourcecode.c.h; path = DumpContext.h; sourceTree = "<group>"; };
		6E6FDC250765858A004FD845 /* DumpContext.m */ = {isa = PBXFileReference; fileEncoding = 4; lastKnownFileType = sourcecode.c.objc; path = DumpContext.m; sourceTree = "<group>"; };
		6E72B20D06AA5B0E00951D50 /* CheatData.h */ = {isa = PBXFileReference; fileEncoding = 4; lastKnownFileType = sourcecode.c.h; path = CheatData.h; sourceTree = "<group>"; };
		6E72B20E06AA5B0E00951D50 /* CheatData.m */ = {isa = PBXFileReference; fileEncoding = 4; lastKnownFileType = sourcecode.c.objc; path = CheatData.m; sourceTree = "<group>"; };
		6E7614A206A47A790051C301 /* CheatDocument.h */ = {isa = PBXFileReference; fileEncoding = 4; lastKnownFileType = sourcecode.c.h; path = CheatDocument.h; sourceTree = "<group>"; };
		6E7614A306A47A790051C301 /* CheatDocument.m */ = {isa = PBXFileReference; fileEncoding = 4; lastKnownFileType = sourcecode.c.objc; path = CheatDocument.m; sourceTree = "<group>"; };
		6E8181D1076E475200A5FBEB /* SearchData.h */ = {isa = PBXFileReference; fileEncoding = 4; lastKnownFileType = sourcecode.c.h; path = SearchData.h; sourceTree = "<group>"; };
		6E8181D2076E475200A5FBEB /* SearchData.m */ = {isa = PBXFileReference; fileEncoding = 4; lastKnownFileType = sourcecode.c.objc; path = SearchData.m; sourceTree = "<group>"; };
		6E83F53007B048BD00D9DACB /* MySocket.h */ = {isa = PBXFileReference; fileEncoding = 4; lastKnownFileType = sourcecode.c.h; path = MySocket.h; sourceTree = "<group>"; };
		6E83F53107B048BD00D9DACB /* MySocket.m */ = {isa = PBXFileReference; fileEncoding = 4; lastKnownFileType = sourcecode.c.objc; path = MySocket.m; sourceTree = "<group>"; };
		6E98A54C06A740EE006A576D /* English */ = {isa = PBXFileReference; lastKnownFileType = wrapper.nib; name = English; path = English.lproj/CheatDocument.nib; sourceTree = "<group>"; };
		6E9BF31F0781EEC3008F0139 /* TrackerScroller.h */ = {isa = PBXFileReference; fileEncoding = 4; lastKnownFileType = sourcecode.c.h; path = TrackerScroller.h; sourceTree = "<group>"; };
		6E9BF3200781EEC3008F0139 /* TrackerScroller.m */ = {isa = PBXFileReference; fileEncoding = 4; lastKnownFileType = sourcecode.c.objc; path = TrackerScroller.m; sourceTree = "<group>"; };
		6E9BF3BA07820415008F0139 /* VariableTable.h */ = {isa = PBXFileReference; fileEncoding = 4; lastKnownFileType = sourcecode.c.h; path = VariableTable.h; sourceTree = "<group>"; };
		6E9BF3BB07820415008F0139 /* VariableTable.m */ = {isa = PBXFileReference; fileEncoding = 4; lastKnownFileType = sourcecode.c.objc; path = VariableTable.m; sourceTree = "<group>"; };
		6E9BF4B0078287DF008F0139 /* Searching.h */ = {isa = PBXFileReference; fileEncoding = 4; lastKnownFileType = sourcecode.c.h; path = Searching.h; sourceTree = "<group>"; };
		6E9BF4B1078287DF008F0139 /* Searching.m */ = {isa = PBXFileReference; fileEncoding = 4; lastKnownFileType = sourcecode.c.objc; path = Searching.m; sourceTree = "<group>"; };
		6E9BF5030782926E008F0139 /* CheaterTypes.m */ = {isa = PBXFileReference; fileEncoding = 4; lastKnownFileType = sourcecode.c.objc; path = CheaterTypes.m; sourceTree = "<group>"; };
		6EA253F60786249800C839D1 /* ChazLog.h */ = {isa = PBXFileReference; fileEncoding = 30; lastKnownFileType = sourcecode.c.h; path = ChazLog.h; sourceTree = "<group>"; };
		6EA253F70786249800C839D1 /* ChazLog.m */ = {isa = PBXFileReference; fileEncoding = 30; lastKnownFileType = sourcecode.c.objc; path = ChazLog.m; sourceTree = "<group>"; };
		6EA39693077F4025002B0E69 /* DocInterfaceActions.m */ = {isa = PBXFileReference; fileEncoding = 4; lastKnownFileType = sourcecode.c.objc; path = DocInterfaceActions.m; sourceTree = "<group>"; };
		6EA3969B077F419A002B0E69 /* DocCheaterDelegate.m */ = {isa = PBXFileReference; fileEncoding = 4; lastKnownFileType = sourcecode.c.objc; path = DocCheaterDelegate.m; sourceTree = "<group>"; };
		6EAB490B06CC4FEA00A4ABF0 /* VMRegion.h */ = {isa = PBXFileReference; fileEncoding = 4; lastKnownFileType = sourcecode.c.h; path = VMRegion.h; sourceTree = "<group>"; };
		6EAB490C06CC4FEA00A4ABF0 /* VMRegion.m */ = {isa = PBXFileReference; fileEncoding = 4; lastKnownFileType = sourcecode.c.objc; path = VMRegion.m; sourceTree = "<group>"; };
		6EB3528707C56771000347B9 /* icon.icns */ = {isa = PBXFileReference; lastKnownFileType = image.icns; path = icon.icns; sourceTree = "<group>"; };
		6EB3528807C56771000347B9 /* icondoc.icns */ = {isa = PBXFileReference; lastKnownFileType = image.icns; path = icondoc.icns; sourceTree = "<group>"; };
		6EB3578E07C83B99000347B9 /* CheatURLHandler.scriptTerminology */ = {isa = PBXFileReference; fileEncoding = 30; lastKnownFileType = text.plist.scriptTerminology; path = CheatURLHandler.scriptTerminology; sourceTree = "<group>"; };
		6EB3578F07C83B99000347B9 /* CheatURLHandler.scriptSuite */ = {isa = PBXFileReference; fileEncoding = 30; lastKnownFileType = text.plist.scriptSuite; path = CheatURLHandler.scriptSuite; sourceTree = "<group>"; };
		6EB3579A07C83C60000347B9 /* CheatURLCommand.h */ = {isa = PBXFileReference; fileEncoding = 4; lastKnownFileType = sourcecode.c.h; path = CheatURLCommand.h; sourceTree = "<group>"; };
		6EB3579B07C83C60000347B9 /* CheatURLCommand.m */ = {isa = PBXFileReference; fileEncoding = 4; lastKnownFileType = sourcecode.c.objc; path = CheatURLCommand.m; sourceTree = "<group>"; };
		6EB35AA107CA5FE0000347B9 /* Update.png */ = {isa = PBXFileReference; lastKnownFileType = image.png; path = Update.png; sourceTree = "<group>"; };
		6EB35B3507CA6BCC000347B9 /* UpdatePrefs.h */ = {isa = PBXFileReference; fileEncoding = 4; lastKnownFileType = sourcecode.c.h; path = UpdatePrefs.h; sourceTree = "<group>"; };
		6EB35B3607CA6BCC000347B9 /* UpdatePrefs.m */ = {isa = PBXFileReference; fileEncoding = 4; lastKnownFileType = sourcecode.c.objc; path = UpdatePrefs.m; sourceTree = "<group>"; };
		6EC06556078BE68300591D61 /* ChazUpdate.h */ = {isa = PBXFileReference; fileEncoding = 4; lastKnownFileType = sourcecode.c.h; path = ChazUpdate.h; sourceTree = "<group>"; };
		6EC06557078BE68300591D61 /* ChazUpdate.m */ = {isa = PBXFileReference; fileEncoding = 4; lastKnownFileType = sourcecode.c.objc; path = ChazUpdate.m; sourceTree = "<group>"; };
		6EC06600078BFBE900591D61 /* Help.html */ = {isa = PBXFileReference; fileEncoding = 30; lastKnownFileType = text.html; path = Help.html; sourceTree = "<group>"; };
		6ECDE0990643984400B1DD8A /* Server.png */ = {isa = PBXFileReference; lastKnownFileType = image.png; path = Server.png; sourceTree = "<group>"; };
		6ECDE09D0643985000B1DD8A /* General.png */ = {isa = PBXFileReference; lastKnownFileType = image.png; path = General.png; sourceTree = "<group>"; };
		6ED8062F0641D2E9002888F7 /* AboutBoxController.h */ = {isa = PBXFileReference; fileEncoding = 30; lastKnownFileType = sourcecode.c.h; path = AboutBoxController.h; sourceTree = "<group>"; };
		6ED806300641D2E9002888F7 /* AboutBoxController.m */ = {isa = PBXFileReference; fileEncoding = 30; lastKnownFileType = sourcecode.c.objc; path = AboutBoxController.m; sourceTree = "<group>"; };
		6ED806310641D2E9002888F7 /* AppController.h */ = {isa = PBXFileReference; fileEncoding = 30; lastKnownFileType = sourcecode.c.h; path = AppController.h; sourceTree = "<group>"; };
		6ED806320641D2E9002888F7 /* AppController.m */ = {isa = PBXFileReference; fileEncoding = 30; lastKnownFileType = sourcecode.c.objc; path = AppController.m; sourceTree = "<group>"; };
		6ED806350641D2E9002888F7 /* PreferenceController.h */ = {isa = PBXFileReference; fileEncoding = 30; lastKnownFileType = sourcecode.c.h; path = PreferenceController.h; sourceTree = "<group>"; };
		6ED806360641D2E9002888F7 /* PreferenceController.m */ = {isa = PBXFileReference; fileEncoding = 30; lastKnownFileType = sourcecode.c.objc; path = PreferenceController.m; sourceTree = "<group>"; };
		6ED806430641D305002888F7 /* HelpController.h */ = {isa = PBXFileReference; fileEncoding = 30; lastKnownFileType = sourcecode.c.h; path = HelpController.h; sourceTree = "<group>"; };
		6ED806440641D305002888F7 /* HelpController.m */ = {isa = PBXFileReference; fileEncoding = 30; lastKnownFileType = sourcecode.c.objc; path = HelpController.m; sourceTree = "<group>"; };
		6ED806710641D3CC002888F7 /* MenuExtras.h */ = {isa = PBXFileReference; fileEncoding = 30; lastKnownFileType = sourcecode.c.h; path = MenuExtras.h; sourceTree = "<group>"; };
		6ED806720641D3CC002888F7 /* MenuExtras.m */ = {isa = PBXFileReference; fileEncoding = 30; lastKnownFileType = sourcecode.c.objc; path = MenuExtras.m; sourceTree = "<group>"; };
		6ED806790641D41B002888F7 /* cheat_global.h */ = {isa = PBXFileReference; fileEncoding = 30; lastKnownFileType = sourcecode.c.h; path = cheat_global.h; sourceTree = "<group>"; };
		6ED8067A0641D41B002888F7 /* cheat_global.m */ = {isa = PBXFileReference; fileEncoding = 30; lastKnownFileType = sourcecode.c.objc; path = cheat_global.m; sourceTree = "<group>"; };
		6ED806830641D434002888F7 /* main.m */ = {isa = PBXFileReference; fileEncoding = 30; lastKnownFileType = sourcecode.c.objc; path = main.m; sourceTree = "<group>"; };
		6ED806900641D498002888F7 /* English */ = {isa = PBXFileReference; lastKnownFileType = wrapper.nib; name = English; path = English.lproj/AboutBox.nib; sourceTree = "<group>"; };
		6ED806920641D498002888F7 /* English */ = {isa = PBXFileReference; lastKnownFileType = wrapper.nib; name = English; path = English.lproj/Help.nib; sourceTree = "<group>"; };
		6ED806940641D498002888F7 /* English */ = {isa = PBXFileReference; fileEncoding = 30; lastKnownFileType = text.plist.strings; name = English; path = English.lproj/InfoPlist.strings; sourceTree = "<group>"; };
		6ED806960641D498002888F7 /* English */ = {isa = PBXFileReference; lastKnownFileType = wrapper.nib; name = English; path = English.lproj/MainMenu.nib; sourceTree = "<group>"; };
		6ED8069A0641D498002888F7 /* English */ = {isa = PBXFileReference; lastKnownFileType = wrapper.nib; name = English; path = English.lproj/Preferences.nib; sourceTree = "<group>"; };
		6ED806D00641D5F2002888F7 /* Info.plist */ = {isa = PBXFileReference; fileEncoding = 30; lastKnownFileType = text.plist.xml; path = Info.plist; sourceTree = "<group>"; };
		6ED806FA0641E70F002888F7 /* WebKit.framework */ = {isa = PBXFileReference; lastKnownFileType = wrapper.framework; name = WebKit.framework; path = /System/Library/Frameworks/WebKit.framework; sourceTree = "<absolute>"; };
		6ED8072006421B05002888F7 /* GeneralPrefs.h */ = {isa = PBXFileReference; fileEncoding = 4; lastKnownFileType = sourcecode.c.h; path = GeneralPrefs.h; sourceTree = "<group>"; };
		6ED8072106421B05002888F7 /* GeneralPrefs.m */ = {isa = PBXFileReference; fileEncoding = 4; lastKnownFileType = sourcecode.c.objc; path = GeneralPrefs.m; sourceTree = "<group>"; };
		6ED8072606421B10002888F7 /* ServerPrefs.h */ = {isa = PBXFileReference; fileEncoding = 4; lastKnownFileType = sourcecode.c.h; path = ServerPrefs.h; sourceTree = "<group>"; };
		6ED8072706421B10002888F7 /* ServerPrefs.m */ = {isa = PBXFileReference; fileEncoding = 4; lastKnownFileType = sourcecode.c.objc; path = ServerPrefs.m; sourceTree = "<group>"; };
		6ED97B9D0645E85700CBF037 /* CheatServer.h */ = {isa = PBXFileReference; fileEncoding = 30; lastKnownFileType = sourcecode.c.h; path = CheatServer.h; sourceTree = "<group>"; };
		6ED97B9E0645E85700CBF037 /* CheatServer.m */ = {isa = PBXFileReference; fileEncoding = 30; lastKnownFileType = sourcecode.c.objc; path = CheatServer.m; sourceTree = "<group>"; };
		6EF2F0BF077B424000C8B55A /* CheaterTypes.h */ = {isa = PBXFileReference; fileEncoding = 4; lastKnownFileType = sourcecode.c.h; path = CheaterTypes.h; sourceTree = "<group>"; };
		7761C5000EBEBE6A00BEE6DF /* Security.framework */ = {isa = PBXFileReference; lastKnownFileType = wrapper.framework; name = Security.framework; path = /System/Library/Frameworks/Security.framework; sourceTree = "<absolute>"; };
		8D1107320486CEB800E47090 /* The Cheat.app */ = {isa = PBXFileReference; explicitFileType = wrapper.application; includeInIndex = 0; path = "The Cheat.app"; sourceTree = BUILT_PRODUCTS_DIR; };
/* End PBXFileReference section */

/* Begin PBXFrameworksBuildPhase section */
		8D11072E0486CEB800E47090 /* Frameworks */ = {
			isa = PBXFrameworksBuildPhase;
			buildActionMask = 2147483647;
			files = (
				8D11072F0486CEB800E47090 /* Cocoa.framework in Frameworks */,
				6ED806FB0641E70F002888F7 /* WebKit.framework in Frameworks */,
				6E63969906423AFE00BD3765 /* Carbon.framework in Frameworks */,
				7761C5010EBEBE6A00BEE6DF /* Security.framework in Frameworks */,
			);
			runOnlyForDeploymentPostprocessing = 0;
		};
/* End PBXFrameworksBuildPhase section */

/* Begin PBXGroup section */
		080E96DDFE201D6D7F000001 /* Controllers */ = {
			isa = PBXGroup;
			children = (
				6ED806310641D2E9002888F7 /* AppController.h */,
				6ED806320641D2E9002888F7 /* AppController.m */,
				6ED8062F0641D2E9002888F7 /* AboutBoxController.h */,
				6ED806300641D2E9002888F7 /* AboutBoxController.m */,
				6ED806430641D305002888F7 /* HelpController.h */,
				6ED806440641D305002888F7 /* HelpController.m */,
				6EB3579A07C83C60000347B9 /* CheatURLCommand.h */,
				6EB3579B07C83C60000347B9 /* CheatURLCommand.m */,
				6ED807190641EC6E002888F7 /* Preferences */,
			);
			name = Controllers;
			sourceTree = "<group>";
		};
		1058C7A0FEA54F0111CA2CBB /* Linked Frameworks */ = {
			isa = PBXGroup;
			children = (
				7761C5000EBEBE6A00BEE6DF /* Security.framework */,
				6E63969806423AFE00BD3765 /* Carbon.framework */,
				1058C7A1FEA54F0111CA2CBB /* Cocoa.framework */,
				6ED806FA0641E70F002888F7 /* WebKit.framework */,
			);
			name = "Linked Frameworks";
			sourceTree = "<group>";
		};
		1058C7A2FEA54F0111CA2CBB /* Other Frameworks */ = {
			isa = PBXGroup;
			children = (
				29B97325FDCFA39411CA2CEA /* Foundation.framework */,
				29B97324FDCFA39411CA2CEA /* AppKit.framework */,
			);
			name = "Other Frameworks";
			sourceTree = "<group>";
		};
		19C28FACFE9D520D11CA2CBB /* Products */ = {
			isa = PBXGroup;
			children = (
				8D1107320486CEB800E47090 /* The Cheat.app */,
			);
			name = Products;
			sourceTree = "<group>";
		};
		29B97314FDCFA39411CA2CEA /* The Cheat */ = {
			isa = PBXGroup;
			children = (
				080E96DDFE201D6D7F000001 /* Controllers */,
				6E98A54A06A73E37006A576D /* Document */,
				6E38D68006C9F98E003BA9B4 /* Cheating */,
				6ED97B900645E2EE00CBF037 /* Networking */,
				6E7157BC0647004B00763517 /* The Core */,
				6ED806580641D343002888F7 /* Interface */,
				6ED806700641D3AC002888F7 /* Categories */,
				29B97315FDCFA39411CA2CEA /* Other Sources */,
				29B97317FDCFA39411CA2CEA /* Resources */,
				29B97323FDCFA39411CA2CEA /* Frameworks */,
				19C28FACFE9D520D11CA2CBB /* Products */,
			);
			name = "The Cheat";
			sourceTree = "<group>";
		};
		29B97315FDCFA39411CA2CEA /* Other Sources */ = {
			isa = PBXGroup;
			children = (
				6ED806830641D434002888F7 /* main.m */,
				6ED806790641D41B002888F7 /* cheat_global.h */,
				6ED8067A0641D41B002888F7 /* cheat_global.m */,
				6EA253F60786249800C839D1 /* ChazLog.h */,
				6EA253F70786249800C839D1 /* ChazLog.m */,
				6EC06556078BE68300591D61 /* ChazUpdate.h */,
				6EC06557078BE68300591D61 /* ChazUpdate.m */,
				32CA4F630368D1EE00C91783 /* The_Cheat_Prefix.pch */,
			);
			name = "Other Sources";
			sourceTree = "<group>";
		};
		29B97317FDCFA39411CA2CEA /* Resources */ = {
			isa = PBXGroup;
			children = (
				6ED806950641D498002888F7 /* MainMenu.nib */,
				6ED8068F0641D498002888F7 /* AboutBox.nib */,
				6ED806910641D498002888F7 /* Help.nib */,
				6ED806990641D498002888F7 /* Preferences.nib */,
				6E98A54B06A740EE006A576D /* CheatDocument.nib */,
				6EF2F08B077A7BFC00C8B55A /* Images */,
				6EB357C907C83E9D000347B9 /* AppleScript */,
				6EC06600078BFBE900591D61 /* Help.html */,
				6ED806930641D498002888F7 /* InfoPlist.strings */,
				6ED806D00641D5F2002888F7 /* Info.plist */,
			);
			name = Resources;
			sourceTree = "<group>";
		};
		29B97323FDCFA39411CA2CEA /* Frameworks */ = {
			isa = PBXGroup;
			children = (
				1058C7A0FEA54F0111CA2CBB /* Linked Frameworks */,
				1058C7A2FEA54F0111CA2CBB /* Other Frameworks */,
			);
			name = Frameworks;
			sourceTree = "<group>";
		};
		6E38D68006C9F98E003BA9B4 /* Cheating */ = {
			isa = PBXGroup;
			children = (
				6EF2F0BF077B424000C8B55A /* CheaterTypes.h */,
				6E9BF5030782926E008F0139 /* CheaterTypes.m */,
				6E31A16B06B723CB00E40AB3 /* LocalCheater.h */,
				6E31A16C06B723CB00E40AB3 /* LocalCheater.m */,
				6E31A1B806B7286300E40AB3 /* RemoteCheater.h */,
				6E31A1B906B7286300E40AB3 /* RemoteCheater.m */,
				6E38D61706C9F7A8003BA9B4 /* Cheater.h */,
				6E38D61806C9F7A8003BA9B4 /* Cheater.m */,
				6E6FD6B10762B965004FD845 /* SearchContext.h */,
				6E6FD6B20762B965004FD845 /* SearchContext.m */,
				6E9BF4B0078287DF008F0139 /* Searching.h */,
				6E9BF4B1078287DF008F0139 /* Searching.m */,
				6E6FDC240765858A004FD845 /* DumpContext.h */,
				6E6FDC250765858A004FD845 /* DumpContext.m */,
				6E138BF606C18765001C688F /* Process.h */,
				6E138BF706C18765001C688F /* Process.m */,
				6E3D7D3C06C44CFE00A73B29 /* Variable.h */,
				6E3D7D3D06C44CFE00A73B29 /* Variable.m */,
			);
			name = Cheating;
			sourceTree = "<group>";
		};
		6E7157BC0647004B00763517 /* The Core */ = {
			isa = PBXGroup;
			children = (
				6E6FD69B0762B626004FD845 /* ThreadedTask.h */,
				6E6FD69C0762B626004FD845 /* ThreadedTask.m */,
				6EAB490B06CC4FEA00A4ABF0 /* VMRegion.h */,
				6EAB490C06CC4FEA00A4ABF0 /* VMRegion.m */,
			);
			name = "The Core";
			sourceTree = "<group>";
		};
		6E98A54A06A73E37006A576D /* Document */ = {
			isa = PBXGroup;
			children = (
				6E7614A206A47A790051C301 /* CheatDocument.h */,
				6E7614A306A47A790051C301 /* CheatDocument.m */,
				6EA39693077F4025002B0E69 /* DocInterfaceActions.m */,
				6EA3969B077F419A002B0E69 /* DocCheaterDelegate.m */,
				6E72B20D06AA5B0E00951D50 /* CheatData.h */,
				6E72B20E06AA5B0E00951D50 /* CheatData.m */,
				6E8181D1076E475200A5FBEB /* SearchData.h */,
				6E8181D2076E475200A5FBEB /* SearchData.m */,
			);
			name = Document;
			sourceTree = "<group>";
		};
		6EB357C907C83E9D000347B9 /* AppleScript */ = {
			isa = PBXGroup;
			children = (
				6EB3578F07C83B99000347B9 /* CheatURLHandler.scriptSuite */,
				6EB3578E07C83B99000347B9 /* CheatURLHandler.scriptTerminology */,
			);
			name = AppleScript;
			sourceTree = "<group>";
		};
		6ED806580641D343002888F7 /* Interface */ = {
			isa = PBXGroup;
			children = (
				6E38D3FD06C9B71F003BA9B4 /* BetterTableView.h */,
				6E38D3FE06C9B71F003BA9B4 /* BetterTableView.m */,
				6E9BF3BA07820415008F0139 /* VariableTable.h */,
				6E9BF3BB07820415008F0139 /* VariableTable.m */,
				6E9BF31F0781EEC3008F0139 /* TrackerScroller.h */,
				6E9BF3200781EEC3008F0139 /* TrackerScroller.m */,
				6E6FD9FE0764EDE4004FD845 /* FadeView.h */,
				6E6FD9FF0764EDE4004FD845 /* FadeView.m */,
				6E138C3006C1C140001C688F /* StatusTextField.h */,
				6E138C3106C1C140001C688F /* StatusTextField.m */,
			);
			name = Interface;
			sourceTree = "<group>";
		};
		6ED806700641D3AC002888F7 /* Categories */ = {
			isa = PBXGroup;
			children = (
				6ED806710641D3CC002888F7 /* MenuExtras.h */,
				6ED806720641D3CC002888F7 /* MenuExtras.m */,
			);
			name = Categories;
			sourceTree = "<group>";
		};
		6ED807190641EC6E002888F7 /* Preferences */ = {
			isa = PBXGroup;
			children = (
				6ED806350641D2E9002888F7 /* PreferenceController.h */,
				6ED806360641D2E9002888F7 /* PreferenceController.m */,
				6ED8072006421B05002888F7 /* GeneralPrefs.h */,
				6ED8072106421B05002888F7 /* GeneralPrefs.m */,
				6EB35B3507CA6BCC000347B9 /* UpdatePrefs.h */,
				6EB35B3607CA6BCC000347B9 /* UpdatePrefs.m */,
				6ED8072606421B10002888F7 /* ServerPrefs.h */,
				6ED8072706421B10002888F7 /* ServerPrefs.m */,
			);
			name = Preferences;
			sourceTree = "<group>";
		};
		6ED97B900645E2EE00CBF037 /* Networking */ = {
			isa = PBXGroup;
			children = (
				6ED97B9D0645E85700CBF037 /* CheatServer.h */,
				6ED97B9E0645E85700CBF037 /* CheatServer.m */,
				6E31A14306B71EBA00E40AB3 /* ServerChild.h */,
				6E31A14406B71EBA00E40AB3 /* ServerChild.m */,
				6E83F53007B048BD00D9DACB /* MySocket.h */,
				6E83F53107B048BD00D9DACB /* MySocket.m */,
			);
			name = Networking;
			sourceTree = "<group>";
		};
		6EF2F08B077A7BFC00C8B55A /* Images */ = {
			isa = PBXGroup;
			children = (
				6ECDE09D0643985000B1DD8A /* General.png */,
				6ECDE0990643984400B1DD8A /* Server.png */,
				6EB35AA107CA5FE0000347B9 /* Update.png */,
				6E6FD8FA0764D1B0004FD845 /* Lock.tif */,
				6EB3528707C56771000347B9 /* icon.icns */,
				6EB3528807C56771000347B9 /* icondoc.icns */,
			);
			name = Images;
			sourceTree = "<group>";
		};
/* End PBXGroup section */

/* Begin PBXHeadersBuildPhase section */
		8D1107270486CEB800E47090 /* Headers */ = {
			isa = PBXHeadersBuildPhase;
			buildActionMask = 2147483647;
			files = (
				8D1107280486CEB800E47090 /* The_Cheat_Prefix.pch in Headers */,
				6ED806390641D2E9002888F7 /* AboutBoxController.h in Headers */,
				6ED8063B0641D2E9002888F7 /* AppController.h in Headers */,
				6ED8063F0641D2E9002888F7 /* PreferenceController.h in Headers */,
				6ED806450641D305002888F7 /* HelpController.h in Headers */,
				6ED806730641D3CC002888F7 /* MenuExtras.h in Headers */,
				6ED806800641D41B002888F7 /* cheat_global.h in Headers */,
				6ED8072206421B05002888F7 /* GeneralPrefs.h in Headers */,
				6ED8072806421B10002888F7 /* ServerPrefs.h in Headers */,
				6ED97B9F0645E85700CBF037 /* CheatServer.h in Headers */,
				6E7614A406A47A790051C301 /* CheatDocument.h in Headers */,
				6E72B20F06AA5B0E00951D50 /* CheatData.h in Headers */,
				6E31A14506B71EBA00E40AB3 /* ServerChild.h in Headers */,
				6E31A16D06B723CB00E40AB3 /* LocalCheater.h in Headers */,
				6E31A1BA06B7286300E40AB3 /* RemoteCheater.h in Headers */,
				6E138BF806C18765001C688F /* Process.h in Headers */,
				6E138C3206C1C140001C688F /* StatusTextField.h in Headers */,
				6E3D7D3E06C44CFE00A73B29 /* Variable.h in Headers */,
				6E38D3FF06C9B71F003BA9B4 /* BetterTableView.h in Headers */,
				6E38D61906C9F7A8003BA9B4 /* Cheater.h in Headers */,
				6EAB490D06CC4FEA00A4ABF0 /* VMRegion.h in Headers */,
				6E6FD69D0762B626004FD845 /* ThreadedTask.h in Headers */,
				6E6FD6B30762B965004FD845 /* SearchContext.h in Headers */,
				6E6FDA000764EDE4004FD845 /* FadeView.h in Headers */,
				6E6FDC260765858A004FD845 /* DumpContext.h in Headers */,
				6E8181D3076E475200A5FBEB /* SearchData.h in Headers */,
				6EF2F0C0077B424000C8B55A /* CheaterTypes.h in Headers */,
				6E9BF3210781EEC3008F0139 /* TrackerScroller.h in Headers */,
				6E9BF3BC07820415008F0139 /* VariableTable.h in Headers */,
				6E9BF4B2078287DF008F0139 /* Searching.h in Headers */,
				6EA253F80786249800C839D1 /* ChazLog.h in Headers */,
				6EC06558078BE68300591D61 /* ChazUpdate.h in Headers */,
				6E83F53207B048BD00D9DACB /* MySocket.h in Headers */,
				6EB3579C07C83C60000347B9 /* CheatURLCommand.h in Headers */,
				6EB35B3707CA6BCC000347B9 /* UpdatePrefs.h in Headers */,
			);
			runOnlyForDeploymentPostprocessing = 0;
		};
/* End PBXHeadersBuildPhase section */

/* Begin PBXNativeTarget section */
		8D1107260486CEB800E47090 /* The Cheat */ = {
			isa = PBXNativeTarget;
			buildConfigurationList = 779E59850EB52C64000C6482 /* Build configuration list for PBXNativeTarget "The Cheat" */;
			buildPhases = (
				8D1107270486CEB800E47090 /* Headers */,
				8D1107290486CEB800E47090 /* Resources */,
				8D11072C0486CEB800E47090 /* Sources */,
				8D11072E0486CEB800E47090 /* Frameworks */,
			);
			buildRules = (
			);
			dependencies = (
			);
			name = "The Cheat";
			productInstallPath = "$(HOME)/Applications";
			productName = "The Cheat";
			productReference = 8D1107320486CEB800E47090 /* The Cheat.app */;
			productType = "com.apple.product-type.application";
		};
/* End PBXNativeTarget section */

/* Begin PBXProject section */
		29B97313FDCFA39411CA2CEA /* Project object */ = {
			isa = PBXProject;
			buildConfigurationList = 779E59840EB52C64000C6482 /* Build configuration list for PBXProject "The Cheat" */;
			compatibilityVersion = "Xcode 3.1";
			hasScannedForEncodings = 1;
			mainGroup = 29B97314FDCFA39411CA2CEA /* The Cheat */;
			projectDirPath = "";
			projectRoot = "";
			targets = (
				8D1107260486CEB800E47090 /* The Cheat */,
			);
		};
/* End PBXProject section */

/* Begin PBXResourcesBuildPhase section */
		8D1107290486CEB800E47090 /* Resources */ = {
			isa = PBXResourcesBuildPhase;
			buildActionMask = 2147483647;
			files = (
				6ED8069F0641D498002888F7 /* AboutBox.nib in Resources */,
				6ED806A00641D498002888F7 /* Help.nib in Resources */,
				6ED806A10641D498002888F7 /* InfoPlist.strings in Resources */,
				6ED806A20641D498002888F7 /* MainMenu.nib in Resources */,
				6ED806A40641D498002888F7 /* Preferences.nib in Resources */,
				6ECDE09A0643984400B1DD8A /* Server.png in Resources */,
				6ECDE09E0643985000B1DD8A /* General.png in Resources */,
				6E98A54D06A740EE006A576D /* CheatDocument.nib in Resources */,
				6EC06601078BFBE900591D61 /* Help.html in Resources */,
				6EB3528907C56771000347B9 /* icon.icns in Resources */,
				6EB3528A07C56771000347B9 /* icondoc.icns in Resources */,
				6EB3579007C83B99000347B9 /* CheatURLHandler.scriptTerminology in Resources */,
				6EB3579107C83B99000347B9 /* CheatURLHandler.scriptSuite in Resources */,
				6EB35AA207CA5FE0000347B9 /* Update.png in Resources */,
			);
			runOnlyForDeploymentPostprocessing = 0;
		};
/* End PBXResourcesBuildPhase section */

/* Begin PBXSourcesBuildPhase section */
		8D11072C0486CEB800E47090 /* Sources */ = {
			isa = PBXSourcesBuildPhase;
			buildActionMask = 2147483647;
			files = (
				6ED8063A0641D2E9002888F7 /* AboutBoxController.m in Sources */,
				6ED8063C0641D2E9002888F7 /* AppController.m in Sources */,
				6ED806400641D2E9002888F7 /* PreferenceController.m in Sources */,
				6ED806460641D305002888F7 /* HelpController.m in Sources */,
				6ED806740641D3CC002888F7 /* MenuExtras.m in Sources */,
				6ED806810641D41B002888F7 /* cheat_global.m in Sources */,
				6ED806840641D434002888F7 /* main.m in Sources */,
				6ED8072306421B05002888F7 /* GeneralPrefs.m in Sources */,
				6ED8072906421B10002888F7 /* ServerPrefs.m in Sources */,
				6ED97BA00645E85700CBF037 /* CheatServer.m in Sources */,
				6E7614A506A47A790051C301 /* CheatDocument.m in Sources */,
				6E72B21006AA5B0E00951D50 /* CheatData.m in Sources */,
				6E31A14606B71EBA00E40AB3 /* ServerChild.m in Sources */,
				6E31A16E06B723CB00E40AB3 /* LocalCheater.m in Sources */,
				6E31A1BB06B7286300E40AB3 /* RemoteCheater.m in Sources */,
				6E138BF906C18765001C688F /* Process.m in Sources */,
				6E138C3306C1C140001C688F /* StatusTextField.m in Sources */,
				6E3D7D3F06C44CFE00A73B29 /* Variable.m in Sources */,
				6E38D40006C9B71F003BA9B4 /* BetterTableView.m in Sources */,
				6E38D61A06C9F7A8003BA9B4 /* Cheater.m in Sources */,
				6EAB490E06CC4FEA00A4ABF0 /* VMRegion.m in Sources */,
				6E6FD69E0762B626004FD845 /* ThreadedTask.m in Sources */,
				6E6FD6B40762B965004FD845 /* SearchContext.m in Sources */,
				6E6FDA010764EDE4004FD845 /* FadeView.m in Sources */,
				6E6FDC270765858A004FD845 /* DumpContext.m in Sources */,
				6E8181D4076E475200A5FBEB /* SearchData.m in Sources */,
				6EA39694077F4025002B0E69 /* DocInterfaceActions.m in Sources */,
				6EA3969C077F419A002B0E69 /* DocCheaterDelegate.m in Sources */,
				6E9BF3220781EEC3008F0139 /* TrackerScroller.m in Sources */,
				6E9BF3BD07820415008F0139 /* VariableTable.m in Sources */,
				6E9BF4B3078287DF008F0139 /* Searching.m in Sources */,
				6E9BF5040782926E008F0139 /* CheaterTypes.m in Sources */,
				6EA253F90786249800C839D1 /* ChazLog.m in Sources */,
				6EC06559078BE68300591D61 /* ChazUpdate.m in Sources */,
				6E83F53307B048BD00D9DACB /* MySocket.m in Sources */,
				6EB3579D07C83C60000347B9 /* CheatURLCommand.m in Sources */,
				6EB35B3807CA6BCC000347B9 /* UpdatePrefs.m in Sources */,
			);
			runOnlyForDeploymentPostprocessing = 0;
		};
/* End PBXSourcesBuildPhase section */

/* Begin PBXVariantGroup section */
		6E98A54B06A740EE006A576D /* CheatDocument.nib */ = {
			isa = PBXVariantGroup;
			children = (
				6E98A54C06A740EE006A576D /* English */,
			);
			name = CheatDocument.nib;
			sourceTree = "<group>";
		};
		6ED8068F0641D498002888F7 /* AboutBox.nib */ = {
			isa = PBXVariantGroup;
			children = (
				6ED806900641D498002888F7 /* English */,
			);
			name = AboutBox.nib;
			sourceTree = "<group>";
		};
		6ED806910641D498002888F7 /* Help.nib */ = {
			isa = PBXVariantGroup;
			children = (
				6ED806920641D498002888F7 /* English */,
			);
			name = Help.nib;
			sourceTree = "<group>";
		};
		6ED806930641D498002888F7 /* InfoPlist.strings */ = {
			isa = PBXVariantGroup;
			children = (
				6ED806940641D498002888F7 /* English */,
			);
			name = InfoPlist.strings;
			sourceTree = "<group>";
		};
		6ED806950641D498002888F7 /* MainMenu.nib */ = {
			isa = PBXVariantGroup;
			children = (
				6ED806960641D498002888F7 /* English */,
			);
			name = MainMenu.nib;
			sourceTree = "<group>";
		};
		6ED806990641D498002888F7 /* Preferences.nib */ = {
			isa = PBXVariantGroup;
			children = (
				6ED8069A0641D498002888F7 /* English */,
			);
			name = Preferences.nib;
			sourceTree = "<group>";
		};
/* End PBXVariantGroup section */

/* Begin XCBuildConfiguration section */
		779E597E0EB52C64000C6482 /* Development */ = {
			isa = XCBuildConfiguration;
			buildSettings = {
			};
			name = Development;
		};
		779E597F0EB52C64000C6482 /* Deployment */ = {
			isa = XCBuildConfiguration;
			buildSettings = {
			};
			name = Deployment;
		};
		779E59800EB52C64000C6482 /* Default */ = {
			isa = XCBuildConfiguration;
			buildSettings = {
			};
			name = Default;
		};
		779E59810EB52C64000C6482 /* Development */ = {
			isa = XCBuildConfiguration;
			buildSettings = {
				COPY_PHASE_STRIP = NO;
				DEAD_CODE_STRIPPING = YES;
				DEBUGGING_SYMBOLS = YES;
				FRAMEWORK_SEARCH_PATHS = "";
				GCC_AUTO_VECTORIZATION = YES;
				GCC_DYNAMIC_NO_PIC = NO;
				GCC_ENABLE_FIX_AND_CONTINUE = YES;
				GCC_ENABLE_OBJC_EXCEPTIONS = NO;
				GCC_ENABLE_TRIGRAPHS = NO;
				GCC_FAST_OBJC_DISPATCH = YES;
				GCC_GENERATE_DEBUGGING_SYMBOLS = YES;
				GCC_OPTIMIZATION_LEVEL = 0;
				GCC_PRECOMPILE_PREFIX_HEADER = YES;
				GCC_PREFIX_HEADER = The_Cheat_Prefix.pch;
				GCC_WARN_ABOUT_MISSING_PROTOTYPES = NO;
				GCC_WARN_FOUR_CHARACTER_CONSTANTS = NO;
				GCC_WARN_UNKNOWN_PRAGMAS = NO;
				HEADER_SEARCH_PATHS = "";
				INFOPLIST_FILE = Info.plist;
				INSTALL_PATH = "$(HOME)/Applications";
				LIBRARY_SEARCH_PATHS = "";
				MACOSX_DEPLOYMENT_TARGET = 10.2;
				OTHER_CFLAGS = "-D_DEBUG";
				OTHER_LDFLAGS = (
					"-sectcreate",
					__TEXT,
					__info_plist,
					Info.plist,
				);
				PRODUCT_NAME = "The Cheat";
				SECTORDER_FLAGS = "";
				WARNING_CFLAGS = (
					"-Wmost",
					"-Wno-four-char-constants",
					"-Wno-unknown-pragmas",
				);
				WRAPPER_EXTENSION = app;
				ZERO_LINK = YES;
			};
			name = Development;
		};
		779E59820EB52C64000C6482 /* Deployment */ = {
			isa = XCBuildConfiguration;
			buildSettings = {
				ARCHS = "$(ARCHS_STANDARD_32_BIT)";
				CODE_SIGN_IDENTITY = "";
				COPY_PHASE_STRIP = YES;
				DEAD_CODE_STRIPPING = YES;
				FRAMEWORK_SEARCH_PATHS = "";
				GCC_AUTO_VECTORIZATION = YES;
				GCC_DYNAMIC_NO_PIC = YES;
				GCC_ENABLE_FIX_AND_CONTINUE = NO;
				GCC_ENABLE_OBJC_EXCEPTIONS = NO;
				GCC_ENABLE_TRIGRAPHS = NO;
				GCC_FAST_OBJC_DISPATCH = YES;
				GCC_GENERATE_DEBUGGING_SYMBOLS = NO;
				GCC_PRECOMPILE_PREFIX_HEADER = YES;
				GCC_PREFIX_HEADER = The_Cheat_Prefix.pch;
				GCC_WARN_ABOUT_MISSING_PROTOTYPES = NO;
				GCC_WARN_FOUR_CHARACTER_CONSTANTS = NO;
				GCC_WARN_UNKNOWN_PRAGMAS = NO;
				HEADER_SEARCH_PATHS = "";
				INFOPLIST_FILE = Info.plist;
				INSTALL_PATH = "$(HOME)/Applications";
				LIBRARY_SEARCH_PATHS = "";
				MACOSX_DEPLOYMENT_TARGET = 10.2;
				OTHER_CFLAGS = "";
				OTHER_LDFLAGS = (
					"-sectcreate",
					__TEXT,
					__info_plist,
					Info.plist,
				);
				PRODUCT_NAME = "The Cheat";
				PROVISIONING_PROFILE = "";
				SDKROOT = macosx10.3.9;
				"SDKROOT[arch=i386]" = macosx10.4;
				"SDKROOT[arch=ppc]" = macosx10.3.9;
				SECTORDER_FLAGS = "";
				WARNING_CFLAGS = (
					"-Wmost",
					"-Wno-four-char-constants",
					"-Wno-unknown-pragmas",
				);
				WRAPPER_EXTENSION = app;
				ZERO_LINK = NO;
			};
			name = Deployment;
		};
		779E59830EB52C64000C6482 /* Default */ = {
			isa = XCBuildConfiguration;
			buildSettings = {
				COPY_PHASE_STRIP = YES;
				DEAD_CODE_STRIPPING = YES;
				FRAMEWORK_SEARCH_PATHS = "";
				GCC_AUTO_VECTORIZATION = YES;
				GCC_DYNAMIC_NO_PIC = YES;
				GCC_ENABLE_OBJC_EXCEPTIONS = NO;
				GCC_ENABLE_TRIGRAPHS = NO;
				GCC_FAST_OBJC_DISPATCH = YES;
				GCC_GENERATE_DEBUGGING_SYMBOLS = NO;
				GCC_PRECOMPILE_PREFIX_HEADER = YES;
				GCC_PREFIX_HEADER = The_Cheat_Prefix.pch;
				GCC_WARN_ABOUT_MISSING_PROTOTYPES = NO;
				GCC_WARN_FOUR_CHARACTER_CONSTANTS = NO;
				GCC_WARN_UNKNOWN_PRAGMAS = NO;
				HEADER_SEARCH_PATHS = "";
				INFOPLIST_FILE = Info.plist;
				INSTALL_PATH = "$(HOME)/Applications";
				LIBRARY_SEARCH_PATHS = "";
				MACOSX_DEPLOYMENT_TARGET = 10.2;
				OTHER_CFLAGS = "";
				OTHER_LDFLAGS = "";
				PRODUCT_NAME = "The Cheat";
				SECTORDER_FLAGS = "";
				WARNING_CFLAGS = (
					"-Wmost",
					"-Wno-four-char-constants",
					"-Wno-unknown-pragmas",
				);
				WRAPPER_EXTENSION = app;
			};
			name = Default;
		};
/* End XCBuildConfiguration section */

/* Begin XCConfigurationList section */
		779E59840EB52C64000C6482 /* Build configuration list for PBXProject "The Cheat" */ = {
			isa = XCConfigurationList;
			buildConfigurations = (
				779E597E0EB52C64000C6482 /* Development */,
				779E597F0EB52C64000C6482 /* Deployment */,
				779E59800EB52C64000C6482 /* Default */,
			);
			defaultConfigurationIsVisible = 0;
			defaultConfigurationName = Default;
		};
		779E59850EB52C64000C6482 /* Build configuration list for PBXNativeTarget "The Cheat" */ = {
			isa = XCConfigurationList;
			buildConfigurations = (
				779E59810EB52C64000C6482 /* Development */,
				779E59820EB52C64000C6482 /* Deployment */,
				779E59830EB52C64000C6482 /* Default */,
			);
			defaultConfigurationIsVisible = 0;
			defaultConfigurationName = Default;
		};
/* End XCConfigurationList section */
	};
	rootObject = 29B97313FDCFA39411CA2CEA /* Project object */;
}
